// !$*UTF8*$!
{
	archiveVersion = 1;
	classes = {
	};
	objectVersion = 55;
	objects = {

/* Begin PBXBuildFile section */
		242B85562E0EBFA1006EE127 /* MaieuticaViewModel.swift in Sources */ = {isa = PBXBuildFile; fileRef = 242B85552E0EBFA1006EE127 /* MaieuticaViewModel.swift */; };
		242B85582E0EBFD6006EE127 /* InicialMaieuticaView.swift in Sources */ = {isa = PBXBuildFile; fileRef = 242B85572E0EBFD6006EE127 /* InicialMaieuticaView.swift */; };
		242B855A2E0EC00A006EE127 /* MaieuticaView.swift in Sources */ = {isa = PBXBuildFile; fileRef = 242B85592E0EC00A006EE127 /* MaieuticaView.swift */; };
		242B855C2E0EC558006EE127 /* RespostaMaieutica.swift in Sources */ = {isa = PBXBuildFile; fileRef = 242B855B2E0EC558006EE127 /* RespostaMaieutica.swift */; };
		24BC38DF2E0D99360050023C /* Secrets.plist in Resources */ = {isa = PBXBuildFile; fileRef = 24BC38DE2E0D99360050023C /* Secrets.plist */; };
		24E7D6792E0C1F2F0064BAD1 /* PingPongViewController.swift in Sources */ = {isa = PBXBuildFile; fileRef = 24E7D6782E0C1F2F0064BAD1 /* PingPongViewController.swift */; };
		644EC39E2E12AB41003AD6E9 /* ReqProjetos.swift in Sources */ = {isa = PBXBuildFile; fileRef = 644EC39D2E12AB41003AD6E9 /* ReqProjetos.swift */; };
		644EC3A02E12CEE4003AD6E9 /* CriarEAddProjetoView.swift in Sources */ = {isa = PBXBuildFile; fileRef = 644EC39F2E12CEE3003AD6E9 /* CriarEAddProjetoView.swift */; };
		64D09EDF2E0EE41A00758A21 /* DetalhesProjetoView.swift in Sources */ = {isa = PBXBuildFile; fileRef = 64D09EDE2E0EE41A00758A21 /* DetalhesProjetoView.swift */; };
		64D09EE12E0EE46300758A21 /* ProjetoCardView.swift in Sources */ = {isa = PBXBuildFile; fileRef = 64D09EE02E0EE46300758A21 /* ProjetoCardView.swift */; };
		64D09EE32E0EE7B700758A21 /* ProjetosViewModel.swift in Sources */ = {isa = PBXBuildFile; fileRef = 64D09EE22E0EE7B700758A21 /* ProjetosViewModel.swift */; };
		A40457702E14036800F470D1 /* BotaoCloseModal.swift in Sources */ = {isa = PBXBuildFile; fileRef = A404576F2E14036800F470D1 /* BotaoCloseModal.swift */; };
		A40C5B202E02DFDE00C30D6E /* DesafiosMultimidiaView.swift in Sources */ = {isa = PBXBuildFile; fileRef = A40C5B1F2E02DFDE00C30D6E /* DesafiosMultimidiaView.swift */; };
		A417CC9D2DF9CB7800564508 /* FreeWritingViewModel.swift in Sources */ = {isa = PBXBuildFile; fileRef = A417CC9C2DF9CB7800564508 /* FreeWritingViewModel.swift */; };
		A43C40792E0EE7DE009B9E85 /* MultimidiaSalvoView.swift in Sources */ = {isa = PBXBuildFile; fileRef = A43C40782E0EE7DE009B9E85 /* MultimidiaSalvoView.swift */; };
		A43C40882E0EFC34009B9E85 /* Projeto+CoreDataClass.swift in Sources */ = {isa = PBXBuildFile; fileRef = A43C407A2E0EFC34009B9E85 /* Projeto+CoreDataClass.swift */; };
		A43C40892E0EFC34009B9E85 /* Projeto+CoreDataProperties.swift in Sources */ = {isa = PBXBuildFile; fileRef = A43C407B2E0EFC34009B9E85 /* Projeto+CoreDataProperties.swift */; };
		A43C408A2E0EFC34009B9E85 /* SessaoFreeWriting+CoreDataClass.swift in Sources */ = {isa = PBXBuildFile; fileRef = A43C407C2E0EFC34009B9E85 /* SessaoFreeWriting+CoreDataClass.swift */; };
		A43C408B2E0EFC34009B9E85 /* SessaoFreeWriting+CoreDataProperties.swift in Sources */ = {isa = PBXBuildFile; fileRef = A43C407D2E0EFC34009B9E85 /* SessaoFreeWriting+CoreDataProperties.swift */; };
		A43C408C2E0EFC34009B9E85 /* SessaoDesafioMult+CoreDataClass.swift in Sources */ = {isa = PBXBuildFile; fileRef = A43C407E2E0EFC34009B9E85 /* SessaoDesafioMult+CoreDataClass.swift */; };
		A43C408D2E0EFC34009B9E85 /* SessaoDesafioMult+CoreDataProperties.swift in Sources */ = {isa = PBXBuildFile; fileRef = A43C407F2E0EFC34009B9E85 /* SessaoDesafioMult+CoreDataProperties.swift */; };
		A43C408E2E0EFC34009B9E85 /* SessaoPingPong+CoreDataClass.swift in Sources */ = {isa = PBXBuildFile; fileRef = A43C40802E0EFC34009B9E85 /* SessaoPingPong+CoreDataClass.swift */; };
		A43C408F2E0EFC34009B9E85 /* SessaoPingPong+CoreDataProperties.swift in Sources */ = {isa = PBXBuildFile; fileRef = A43C40812E0EFC34009B9E85 /* SessaoPingPong+CoreDataProperties.swift */; };
		A43C40902E0EFC34009B9E85 /* SessaoMaieutica+CoreDataClass.swift in Sources */ = {isa = PBXBuildFile; fileRef = A43C40822E0EFC34009B9E85 /* SessaoMaieutica+CoreDataClass.swift */; };
		A43C40912E0EFC34009B9E85 /* SessaoMaieutica+CoreDataProperties.swift in Sources */ = {isa = PBXBuildFile; fileRef = A43C40832E0EFC34009B9E85 /* SessaoMaieutica+CoreDataProperties.swift */; };
		A43C40922E0EFC34009B9E85 /* Registro+CoreDataClass.swift in Sources */ = {isa = PBXBuildFile; fileRef = A43C40842E0EFC34009B9E85 /* Registro+CoreDataClass.swift */; };
		A43C40932E0EFC34009B9E85 /* Registro+CoreDataProperties.swift in Sources */ = {isa = PBXBuildFile; fileRef = A43C40852E0EFC34009B9E85 /* Registro+CoreDataProperties.swift */; };
		A43C40942E0EFC34009B9E85 /* Sessao+CoreDataClass.swift in Sources */ = {isa = PBXBuildFile; fileRef = A43C40862E0EFC34009B9E85 /* Sessao+CoreDataClass.swift */; };
		A43C40952E0EFC34009B9E85 /* Sessao+CoreDataProperties.swift in Sources */ = {isa = PBXBuildFile; fileRef = A43C40872E0EFC34009B9E85 /* Sessao+CoreDataProperties.swift */; };
		A44BD6FA2E0AD68400B840EB /* AddProjetoView.swift in Sources */ = {isa = PBXBuildFile; fileRef = A44BD6F92E0AD68400B840EB /* AddProjetoView.swift */; };
		A46C081F2E02F9F100129CE7 /* ImagePicker.swift in Sources */ = {isa = PBXBuildFile; fileRef = A46C081E2E02F9F100129CE7 /* ImagePicker.swift */; };
		A46C08212E03040A00129CE7 /* RespostaCard.swift in Sources */ = {isa = PBXBuildFile; fileRef = A46C08202E03040A00129CE7 /* RespostaCard.swift */; };
		A47175B92E01A23A00AC6B12 /* ContainerEnunciadoView.swift in Sources */ = {isa = PBXBuildFile; fileRef = A47175B82E01A23A00AC6B12 /* ContainerEnunciadoView.swift */; };
		A47649542E12DA6700EC8A4D /* FreeWritingSalvo.swift in Sources */ = {isa = PBXBuildFile; fileRef = A47649532E12DA6700EC8A4D /* FreeWritingSalvo.swift */; };
		A4773CA52E01B0E4002D27D7 /* AppStatecraft.xcdatamodeld in Sources */ = {isa = PBXBuildFile; fileRef = A4773CA32E01B0E4002D27D7 /* AppStatecraft.xcdatamodeld */; };
		A4773CA72E01B0F2002D27D7 /* DataController.swift in Sources */ = {isa = PBXBuildFile; fileRef = A4773CA62E01B0F2002D27D7 /* DataController.swift */; };
		A48ABE042E0C291F00483673 /* HistoricoView.swift in Sources */ = {isa = PBXBuildFile; fileRef = A48ABE032E0C291F00483673 /* HistoricoView.swift */; };
		A48ABE062E0C293500483673 /* HistoricoViewModel.swift in Sources */ = {isa = PBXBuildFile; fileRef = A48ABE052E0C293500483673 /* HistoricoViewModel.swift */; };
		E8DDC8752E0AEBEF00365D65 /* MeusProjetosView.swift in Sources */ = {isa = PBXBuildFile; fileRef = E8DDC8742E0AEBEF00365D65 /* MeusProjetosView.swift */; };
		E8FF55472E12D64D001C5407 /* CardProjeto.swift in Sources */ = {isa = PBXBuildFile; fileRef = E8FF55462E12D64D001C5407 /* CardProjeto.swift */; };
		E8FF55492E142DA9001C5407 /* SwiftUIView.swift in Sources */ = {isa = PBXBuildFile; fileRef = E8FF55482E142DA9001C5407 /* SwiftUIView.swift */; };
		ED0B0E952E02EFAF00785DDD /* CardView.swift in Sources */ = {isa = PBXBuildFile; fileRef = ED0B0E942E02EFAF00785DDD /* CardView.swift */; };
		ED0B0E972E02F6D100785DDD /* CarrosselView.swift in Sources */ = {isa = PBXBuildFile; fileRef = ED0B0E962E02F6D100785DDD /* CarrosselView.swift */; };
		ED0B0E9B2E02F9C200785DDD /* PageControlView.swift in Sources */ = {isa = PBXBuildFile; fileRef = ED0B0E9A2E02F9C200785DDD /* PageControlView.swift */; };
		ED2C7E052E097ACA004F5E9F /* InicialDesafiosView.swift in Sources */ = {isa = PBXBuildFile; fileRef = ED2C7E042E097AC9004F5E9F /* InicialDesafiosView.swift */; };
		ED5B0E302E12BD9200C23F20 /* PingPongSalvoView.swift in Sources */ = {isa = PBXBuildFile; fileRef = ED5B0E2F2E12BD9200C23F20 /* PingPongSalvoView.swift */; };
		ED5B0E322E12D21700C23F20 /* MaieuticaSalvoView.swift in Sources */ = {isa = PBXBuildFile; fileRef = ED5B0E312E12D21700C23F20 /* MaieuticaSalvoView.swift */; };
		ED695A672E01B37C009C0BE0 /* TabBar.swift in Sources */ = {isa = PBXBuildFile; fileRef = ED695A662E01B37C009C0BE0 /* TabBar.swift */; };
		ED695A6A2E01B3DA009C0BE0 /* MetodologiasView.swift in Sources */ = {isa = PBXBuildFile; fileRef = ED695A692E01B3DA009C0BE0 /* MetodologiasView.swift */; };
		ED80F5A32E0AC46D00B61E97 /* ColorExtension.swift in Sources */ = {isa = PBXBuildFile; fileRef = ED80F5A22E0AC46D00B61E97 /* ColorExtension.swift */; };
		ED80F5AE2E0ADB4100B61E97 /* PingPongViewModel.swift in Sources */ = {isa = PBXBuildFile; fileRef = ED80F5AD2E0ADB4100B61E97 /* PingPongViewModel.swift */; };
		ED80F5B12E0ADB5F00B61E97 /* PingPongView.swift in Sources */ = {isa = PBXBuildFile; fileRef = ED80F5B02E0ADB5F00B61E97 /* PingPongView.swift */; };
		ED80F5B52E0AE5CE00B61E97 /* InicialPingPongView.swift in Sources */ = {isa = PBXBuildFile; fileRef = ED80F5B42E0AE5CE00B61E97 /* InicialPingPongView.swift */; };
		ED80F5B72E0AEABD00B61E97 /* DurationPickerView.swift in Sources */ = {isa = PBXBuildFile; fileRef = ED80F5B62E0AEABD00B61E97 /* DurationPickerView.swift */; };
		ED81EB282E0C25B1003062BA /* InicialFreeWritingView.swift in Sources */ = {isa = PBXBuildFile; fileRef = ED81EB272E0C25B1003062BA /* InicialFreeWritingView.swift */; };
		ED81EB2A2E0C25D7003062BA /* FreeWritingView.swift in Sources */ = {isa = PBXBuildFile; fileRef = ED81EB292E0C25D7003062BA /* FreeWritingView.swift */; };
		ED81EB2C2E0C3544003062BA /* ContainerPromptView.swift in Sources */ = {isa = PBXBuildFile; fileRef = ED81EB2B2E0C3544003062BA /* ContainerPromptView.swift */; };
		ED81EB2E2E0C37B0003062BA /* PromptFW.swift in Sources */ = {isa = PBXBuildFile; fileRef = ED81EB2D2E0C37B0003062BA /* PromptFW.swift */; };
		ED81EB342E0C393A003062BA /* RespostaFW.swift in Sources */ = {isa = PBXBuildFile; fileRef = ED81EB332E0C393A003062BA /* RespostaFW.swift */; };
		ED81EB362E0C3AFC003062BA /* BancoFW.json in Resources */ = {isa = PBXBuildFile; fileRef = ED81EB352E0C3AFC003062BA /* BancoFW.json */; };
		ED81EB3A2E0C455F003062BA /* TimerView.swift in Sources */ = {isa = PBXBuildFile; fileRef = ED81EB392E0C455F003062BA /* TimerView.swift */; };
		ED81EB3C2E0D65F2003062BA /* TimerViewModel.swift in Sources */ = {isa = PBXBuildFile; fileRef = ED81EB3B2E0D65F2003062BA /* TimerViewModel.swift */; };
		ED82ED342DFC4C70006BE6D5 /* BancoQuestoes.json in Resources */ = {isa = PBXBuildFile; fileRef = ED82ED332DFC4C70006BE6D5 /* BancoQuestoes.json */; };
		ED82ED3F2DFC6E05006BE6D5 /* DesafiosMultimidiaViewModel.swift in Sources */ = {isa = PBXBuildFile; fileRef = ED82ED3E2DFC6E05006BE6D5 /* DesafiosMultimidiaViewModel.swift */; };
		ED82ED432DFC6FC0006BE6D5 /* DesafiosUtilities.swift in Sources */ = {isa = PBXBuildFile; fileRef = ED82ED422DFC6FC0006BE6D5 /* DesafiosUtilities.swift */; };
		ED82ED452DFC6FD2006BE6D5 /* QuestaoDesafios.swift in Sources */ = {isa = PBXBuildFile; fileRef = ED82ED442DFC6FD2006BE6D5 /* QuestaoDesafios.swift */; };
		ED8481942E003F2D007E5709 /* viajante.jpg in Resources */ = {isa = PBXBuildFile; fileRef = ED8481932E003F2D007E5709 /* viajante.jpg */; };
		ED8481962E003F3A007E5709 /* moca_arte.jpg in Resources */ = {isa = PBXBuildFile; fileRef = ED8481952E003F3A007E5709 /* moca_arte.jpg */; };
		ED8481982E003F6B007E5709 /* homem.jpg in Resources */ = {isa = PBXBuildFile; fileRef = ED8481972E003F6B007E5709 /* homem.jpg */; };
		ED84819B2E004534007E5709 /* DesafioUtilities.swift in Sources */ = {isa = PBXBuildFile; fileRef = ED84819A2E004534007E5709 /* DesafioUtilities.swift */; };
		ED84819D2E0047CC007E5709 /* Assets.xcassets in Resources */ = {isa = PBXBuildFile; fileRef = ED84819C2E0047CC007E5709 /* Assets.xcassets */; };
		EDF2654F2DF9A9F800898EBA /* AppStatecraftApp.swift in Sources */ = {isa = PBXBuildFile; fileRef = EDF2654E2DF9A9F800898EBA /* AppStatecraftApp.swift */; };
		EDF265532DF9A9FC00898EBA /* (null) in Resources */ = {isa = PBXBuildFile; };
		EDF265562DF9A9FC00898EBA /* Preview Assets.xcassets in Resources */ = {isa = PBXBuildFile; fileRef = EDF265552DF9A9FC00898EBA /* Preview Assets.xcassets */; };
		EDF265602DF9A9FC00898EBA /* AppStatecraftTests.swift in Sources */ = {isa = PBXBuildFile; fileRef = EDF2655F2DF9A9FC00898EBA /* AppStatecraftTests.swift */; };
		EDF2656A2DF9A9FC00898EBA /* AppStatecraftUITests.swift in Sources */ = {isa = PBXBuildFile; fileRef = EDF265692DF9A9FC00898EBA /* AppStatecraftUITests.swift */; };
		EDF2656C2DF9A9FC00898EBA /* AppStatecraftUITestsLaunchTests.swift in Sources */ = {isa = PBXBuildFile; fileRef = EDF2656B2DF9A9FC00898EBA /* AppStatecraftUITestsLaunchTests.swift */; };
/* End PBXBuildFile section */

/* Begin PBXContainerItemProxy section */
		EDF2655C2DF9A9FC00898EBA /* PBXContainerItemProxy */ = {
			isa = PBXContainerItemProxy;
			containerPortal = EDF265432DF9A9F800898EBA /* Project object */;
			proxyType = 1;
			remoteGlobalIDString = EDF2654A2DF9A9F800898EBA;
			remoteInfo = AppStatecraft;
		};
		EDF265662DF9A9FC00898EBA /* PBXContainerItemProxy */ = {
			isa = PBXContainerItemProxy;
			containerPortal = EDF265432DF9A9F800898EBA /* Project object */;
			proxyType = 1;
			remoteGlobalIDString = EDF2654A2DF9A9F800898EBA;
			remoteInfo = AppStatecraft;
		};
/* End PBXContainerItemProxy section */

/* Begin PBXFileReference section */
		242B85552E0EBFA1006EE127 /* MaieuticaViewModel.swift */ = {isa = PBXFileReference; lastKnownFileType = sourcecode.swift; path = MaieuticaViewModel.swift; sourceTree = "<group>"; };
		242B85572E0EBFD6006EE127 /* InicialMaieuticaView.swift */ = {isa = PBXFileReference; lastKnownFileType = sourcecode.swift; path = InicialMaieuticaView.swift; sourceTree = "<group>"; };
		242B85592E0EC00A006EE127 /* MaieuticaView.swift */ = {isa = PBXFileReference; lastKnownFileType = sourcecode.swift; path = MaieuticaView.swift; sourceTree = "<group>"; };
		242B855B2E0EC558006EE127 /* RespostaMaieutica.swift */ = {isa = PBXFileReference; lastKnownFileType = sourcecode.swift; path = RespostaMaieutica.swift; sourceTree = "<group>"; };
		24BC38DE2E0D99360050023C /* Secrets.plist */ = {isa = PBXFileReference; lastKnownFileType = text.plist.xml; path = Secrets.plist; sourceTree = "<group>"; };
		24E7D6782E0C1F2F0064BAD1 /* PingPongViewController.swift */ = {isa = PBXFileReference; lastKnownFileType = sourcecode.swift; path = PingPongViewController.swift; sourceTree = "<group>"; };
		644EC39D2E12AB41003AD6E9 /* ReqProjetos.swift */ = {isa = PBXFileReference; lastKnownFileType = sourcecode.swift; path = ReqProjetos.swift; sourceTree = "<group>"; };
		644EC39F2E12CEE3003AD6E9 /* CriarEAddProjetoView.swift */ = {isa = PBXFileReference; lastKnownFileType = sourcecode.swift; path = CriarEAddProjetoView.swift; sourceTree = "<group>"; };
		64D09EDE2E0EE41A00758A21 /* DetalhesProjetoView.swift */ = {isa = PBXFileReference; lastKnownFileType = sourcecode.swift; path = DetalhesProjetoView.swift; sourceTree = "<group>"; };
		64D09EE02E0EE46300758A21 /* ProjetoCardView.swift */ = {isa = PBXFileReference; lastKnownFileType = sourcecode.swift; path = ProjetoCardView.swift; sourceTree = "<group>"; };
		64D09EE22E0EE7B700758A21 /* ProjetosViewModel.swift */ = {isa = PBXFileReference; lastKnownFileType = sourcecode.swift; path = ProjetosViewModel.swift; sourceTree = "<group>"; };


		A404576F2E14036800F470D1 /* BotaoCloseModal.swift */ = {isa = PBXFileReference; lastKnownFileType = sourcecode.swift; path = BotaoCloseModal.swift; sourceTree = "<group>"; };

		A40C5B1F2E02DFDE00C30D6E /* DesafiosMultimidiaView.swift */ = {isa = PBXFileReference; fileEncoding = 4; lastKnownFileType = sourcecode.swift; path = DesafiosMultimidiaView.swift; sourceTree = "<group>"; };
		A417CC9C2DF9CB7800564508 /* FreeWritingViewModel.swift */ = {isa = PBXFileReference; lastKnownFileType = sourcecode.swift; path = FreeWritingViewModel.swift; sourceTree = "<group>"; };
		A43C40782E0EE7DE009B9E85 /* MultimidiaSalvoView.swift */ = {isa = PBXFileReference; lastKnownFileType = sourcecode.swift; path = MultimidiaSalvoView.swift; sourceTree = "<group>"; };
		A43C407A2E0EFC34009B9E85 /* Projeto+CoreDataClass.swift */ = {isa = PBXFileReference; lastKnownFileType = sourcecode.swift; path = "Projeto+CoreDataClass.swift"; sourceTree = "<group>"; };
		A43C407B2E0EFC34009B9E85 /* Projeto+CoreDataProperties.swift */ = {isa = PBXFileReference; lastKnownFileType = sourcecode.swift; path = "Projeto+CoreDataProperties.swift"; sourceTree = "<group>"; };
		A43C407C2E0EFC34009B9E85 /* SessaoFreeWriting+CoreDataClass.swift */ = {isa = PBXFileReference; lastKnownFileType = sourcecode.swift; path = "SessaoFreeWriting+CoreDataClass.swift"; sourceTree = "<group>"; };
		A43C407D2E0EFC34009B9E85 /* SessaoFreeWriting+CoreDataProperties.swift */ = {isa = PBXFileReference; lastKnownFileType = sourcecode.swift; path = "SessaoFreeWriting+CoreDataProperties.swift"; sourceTree = "<group>"; };
		A43C407E2E0EFC34009B9E85 /* SessaoDesafioMult+CoreDataClass.swift */ = {isa = PBXFileReference; lastKnownFileType = sourcecode.swift; path = "SessaoDesafioMult+CoreDataClass.swift"; sourceTree = "<group>"; };
		A43C407F2E0EFC34009B9E85 /* SessaoDesafioMult+CoreDataProperties.swift */ = {isa = PBXFileReference; lastKnownFileType = sourcecode.swift; path = "SessaoDesafioMult+CoreDataProperties.swift"; sourceTree = "<group>"; };
		A43C40802E0EFC34009B9E85 /* SessaoPingPong+CoreDataClass.swift */ = {isa = PBXFileReference; lastKnownFileType = sourcecode.swift; path = "SessaoPingPong+CoreDataClass.swift"; sourceTree = "<group>"; };
		A43C40812E0EFC34009B9E85 /* SessaoPingPong+CoreDataProperties.swift */ = {isa = PBXFileReference; lastKnownFileType = sourcecode.swift; path = "SessaoPingPong+CoreDataProperties.swift"; sourceTree = "<group>"; };
		A43C40822E0EFC34009B9E85 /* SessaoMaieutica+CoreDataClass.swift */ = {isa = PBXFileReference; lastKnownFileType = sourcecode.swift; path = "SessaoMaieutica+CoreDataClass.swift"; sourceTree = "<group>"; };
		A43C40832E0EFC34009B9E85 /* SessaoMaieutica+CoreDataProperties.swift */ = {isa = PBXFileReference; lastKnownFileType = sourcecode.swift; path = "SessaoMaieutica+CoreDataProperties.swift"; sourceTree = "<group>"; };
		A43C40842E0EFC34009B9E85 /* Registro+CoreDataClass.swift */ = {isa = PBXFileReference; lastKnownFileType = sourcecode.swift; path = "Registro+CoreDataClass.swift"; sourceTree = "<group>"; };
		A43C40852E0EFC34009B9E85 /* Registro+CoreDataProperties.swift */ = {isa = PBXFileReference; lastKnownFileType = sourcecode.swift; path = "Registro+CoreDataProperties.swift"; sourceTree = "<group>"; };
		A43C40862E0EFC34009B9E85 /* Sessao+CoreDataClass.swift */ = {isa = PBXFileReference; lastKnownFileType = sourcecode.swift; path = "Sessao+CoreDataClass.swift"; sourceTree = "<group>"; };
		A43C40872E0EFC34009B9E85 /* Sessao+CoreDataProperties.swift */ = {isa = PBXFileReference; lastKnownFileType = sourcecode.swift; path = "Sessao+CoreDataProperties.swift"; sourceTree = "<group>"; };
		A44BD6F92E0AD68400B840EB /* AddProjetoView.swift */ = {isa = PBXFileReference; lastKnownFileType = sourcecode.swift; path = AddProjetoView.swift; sourceTree = "<group>"; };
		A46C081E2E02F9F100129CE7 /* ImagePicker.swift */ = {isa = PBXFileReference; lastKnownFileType = sourcecode.swift; path = ImagePicker.swift; sourceTree = "<group>"; };
		A46C08202E03040A00129CE7 /* RespostaCard.swift */ = {isa = PBXFileReference; lastKnownFileType = sourcecode.swift; path = RespostaCard.swift; sourceTree = "<group>"; };
		A47175B82E01A23A00AC6B12 /* ContainerEnunciadoView.swift */ = {isa = PBXFileReference; lastKnownFileType = sourcecode.swift; path = ContainerEnunciadoView.swift; sourceTree = "<group>"; };
		A47649532E12DA6700EC8A4D /* FreeWritingSalvo.swift */ = {isa = PBXFileReference; lastKnownFileType = sourcecode.swift; path = FreeWritingSalvo.swift; sourceTree = "<group>"; };
		A4773CA42E01B0E4002D27D7 /* AppStatecraft.xcdatamodel */ = {isa = PBXFileReference; lastKnownFileType = wrapper.xcdatamodel; path = AppStatecraft.xcdatamodel; sourceTree = "<group>"; };
		A4773CA62E01B0F2002D27D7 /* DataController.swift */ = {isa = PBXFileReference; fileEncoding = 4; lastKnownFileType = sourcecode.swift; path = DataController.swift; sourceTree = "<group>"; };
		A4773CA82E01B204002D27D7 /* oi.swift */ = {isa = PBXFileReference; lastKnownFileType = sourcecode.swift; name = oi.swift; path = AppStatecraft/Core/Persistence/oi.swift; sourceTree = SOURCE_ROOT; };
		A48ABE032E0C291F00483673 /* HistoricoView.swift */ = {isa = PBXFileReference; lastKnownFileType = sourcecode.swift; path = HistoricoView.swift; sourceTree = "<group>"; };
		A48ABE052E0C293500483673 /* HistoricoViewModel.swift */ = {isa = PBXFileReference; lastKnownFileType = sourcecode.swift; path = HistoricoViewModel.swift; sourceTree = "<group>"; };
		E8DDC8742E0AEBEF00365D65 /* MeusProjetosView.swift */ = {isa = PBXFileReference; lastKnownFileType = sourcecode.swift; path = MeusProjetosView.swift; sourceTree = "<group>"; };
		E8FF55462E12D64D001C5407 /* CardProjeto.swift */ = {isa = PBXFileReference; lastKnownFileType = sourcecode.swift; path = CardProjeto.swift; sourceTree = "<group>"; };
		E8FF55482E142DA9001C5407 /* SwiftUIView.swift */ = {isa = PBXFileReference; lastKnownFileType = sourcecode.swift; path = SwiftUIView.swift; sourceTree = "<group>"; };
		ED0B0E942E02EFAF00785DDD /* CardView.swift */ = {isa = PBXFileReference; lastKnownFileType = sourcecode.swift; path = CardView.swift; sourceTree = "<group>"; };
		ED0B0E962E02F6D100785DDD /* CarrosselView.swift */ = {isa = PBXFileReference; lastKnownFileType = sourcecode.swift; path = CarrosselView.swift; sourceTree = "<group>"; };
		ED0B0E9A2E02F9C200785DDD /* PageControlView.swift */ = {isa = PBXFileReference; lastKnownFileType = sourcecode.swift; path = PageControlView.swift; sourceTree = "<group>"; };
		ED2C7E042E097AC9004F5E9F /* InicialDesafiosView.swift */ = {isa = PBXFileReference; lastKnownFileType = sourcecode.swift; path = InicialDesafiosView.swift; sourceTree = "<group>"; };
		ED5B0E2F2E12BD9200C23F20 /* PingPongSalvoView.swift */ = {isa = PBXFileReference; lastKnownFileType = sourcecode.swift; path = PingPongSalvoView.swift; sourceTree = "<group>"; };
		ED5B0E312E12D21700C23F20 /* MaieuticaSalvoView.swift */ = {isa = PBXFileReference; lastKnownFileType = sourcecode.swift; path = MaieuticaSalvoView.swift; sourceTree = "<group>"; };
		ED695A662E01B37C009C0BE0 /* TabBar.swift */ = {isa = PBXFileReference; lastKnownFileType = sourcecode.swift; path = TabBar.swift; sourceTree = "<group>"; };
		ED695A692E01B3DA009C0BE0 /* MetodologiasView.swift */ = {isa = PBXFileReference; lastKnownFileType = sourcecode.swift; path = MetodologiasView.swift; sourceTree = "<group>"; };
		ED80F5A22E0AC46D00B61E97 /* ColorExtension.swift */ = {isa = PBXFileReference; lastKnownFileType = sourcecode.swift; path = ColorExtension.swift; sourceTree = "<group>"; };
		ED80F5AD2E0ADB4100B61E97 /* PingPongViewModel.swift */ = {isa = PBXFileReference; lastKnownFileType = sourcecode.swift; path = PingPongViewModel.swift; sourceTree = "<group>"; };
		ED80F5B02E0ADB5F00B61E97 /* PingPongView.swift */ = {isa = PBXFileReference; lastKnownFileType = sourcecode.swift; path = PingPongView.swift; sourceTree = "<group>"; };
		ED80F5B42E0AE5CE00B61E97 /* InicialPingPongView.swift */ = {isa = PBXFileReference; lastKnownFileType = sourcecode.swift; path = InicialPingPongView.swift; sourceTree = "<group>"; };
		ED80F5B62E0AEABD00B61E97 /* DurationPickerView.swift */ = {isa = PBXFileReference; lastKnownFileType = sourcecode.swift; path = DurationPickerView.swift; sourceTree = "<group>"; };
		ED81EB272E0C25B1003062BA /* InicialFreeWritingView.swift */ = {isa = PBXFileReference; lastKnownFileType = sourcecode.swift; path = InicialFreeWritingView.swift; sourceTree = "<group>"; };
		ED81EB292E0C25D7003062BA /* FreeWritingView.swift */ = {isa = PBXFileReference; lastKnownFileType = sourcecode.swift; path = FreeWritingView.swift; sourceTree = "<group>"; };
		ED81EB2B2E0C3544003062BA /* ContainerPromptView.swift */ = {isa = PBXFileReference; lastKnownFileType = sourcecode.swift; path = ContainerPromptView.swift; sourceTree = "<group>"; };
		ED81EB2D2E0C37B0003062BA /* PromptFW.swift */ = {isa = PBXFileReference; lastKnownFileType = sourcecode.swift; path = PromptFW.swift; sourceTree = "<group>"; };
		ED81EB332E0C393A003062BA /* RespostaFW.swift */ = {isa = PBXFileReference; lastKnownFileType = sourcecode.swift; path = RespostaFW.swift; sourceTree = "<group>"; };
		ED81EB352E0C3AFC003062BA /* BancoFW.json */ = {isa = PBXFileReference; lastKnownFileType = text.json; path = BancoFW.json; sourceTree = "<group>"; };
		ED81EB392E0C455F003062BA /* TimerView.swift */ = {isa = PBXFileReference; lastKnownFileType = sourcecode.swift; path = TimerView.swift; sourceTree = "<group>"; };
		ED81EB3B2E0D65F2003062BA /* TimerViewModel.swift */ = {isa = PBXFileReference; lastKnownFileType = sourcecode.swift; path = TimerViewModel.swift; sourceTree = "<group>"; };
		ED82ED332DFC4C70006BE6D5 /* BancoQuestoes.json */ = {isa = PBXFileReference; lastKnownFileType = text.json; path = BancoQuestoes.json; sourceTree = "<group>"; };
		ED82ED3E2DFC6E05006BE6D5 /* DesafiosMultimidiaViewModel.swift */ = {isa = PBXFileReference; lastKnownFileType = sourcecode.swift; path = DesafiosMultimidiaViewModel.swift; sourceTree = "<group>"; };
		ED82ED422DFC6FC0006BE6D5 /* DesafiosUtilities.swift */ = {isa = PBXFileReference; lastKnownFileType = sourcecode.swift; path = DesafiosUtilities.swift; sourceTree = "<group>"; };
		ED82ED442DFC6FD2006BE6D5 /* QuestaoDesafios.swift */ = {isa = PBXFileReference; lastKnownFileType = sourcecode.swift; path = QuestaoDesafios.swift; sourceTree = "<group>"; };
		ED8481932E003F2D007E5709 /* viajante.jpg */ = {isa = PBXFileReference; lastKnownFileType = image.jpeg; path = viajante.jpg; sourceTree = "<group>"; };
		ED8481952E003F3A007E5709 /* moca_arte.jpg */ = {isa = PBXFileReference; lastKnownFileType = image.jpeg; path = moca_arte.jpg; sourceTree = "<group>"; };
		ED8481972E003F6B007E5709 /* homem.jpg */ = {isa = PBXFileReference; lastKnownFileType = image.jpeg; name = homem.jpg; path = Images/homem.jpg; sourceTree = "<group>"; };
		ED84819A2E004534007E5709 /* DesafioUtilities.swift */ = {isa = PBXFileReference; lastKnownFileType = sourcecode.swift; path = DesafioUtilities.swift; sourceTree = "<group>"; };
		ED84819C2E0047CC007E5709 /* Assets.xcassets */ = {isa = PBXFileReference; lastKnownFileType = folder.assetcatalog; path = Assets.xcassets; sourceTree = "<group>"; };
		EDF2654B2DF9A9F800898EBA /* AppStatecraft.app */ = {isa = PBXFileReference; explicitFileType = wrapper.application; includeInIndex = 0; path = AppStatecraft.app; sourceTree = BUILT_PRODUCTS_DIR; };
		EDF2654E2DF9A9F800898EBA /* AppStatecraftApp.swift */ = {isa = PBXFileReference; lastKnownFileType = sourcecode.swift; path = AppStatecraftApp.swift; sourceTree = "<group>"; };
		EDF265552DF9A9FC00898EBA /* Preview Assets.xcassets */ = {isa = PBXFileReference; lastKnownFileType = folder.assetcatalog; path = "Preview Assets.xcassets"; sourceTree = "<group>"; };
		EDF2655B2DF9A9FC00898EBA /* AppStatecraftTests.xctest */ = {isa = PBXFileReference; explicitFileType = wrapper.cfbundle; includeInIndex = 0; path = AppStatecraftTests.xctest; sourceTree = BUILT_PRODUCTS_DIR; };
		EDF2655F2DF9A9FC00898EBA /* AppStatecraftTests.swift */ = {isa = PBXFileReference; lastKnownFileType = sourcecode.swift; path = AppStatecraftTests.swift; sourceTree = "<group>"; };
		EDF265652DF9A9FC00898EBA /* AppStatecraftUITests.xctest */ = {isa = PBXFileReference; explicitFileType = wrapper.cfbundle; includeInIndex = 0; path = AppStatecraftUITests.xctest; sourceTree = BUILT_PRODUCTS_DIR; };
		EDF265692DF9A9FC00898EBA /* AppStatecraftUITests.swift */ = {isa = PBXFileReference; lastKnownFileType = sourcecode.swift; path = AppStatecraftUITests.swift; sourceTree = "<group>"; };
		EDF2656B2DF9A9FC00898EBA /* AppStatecraftUITestsLaunchTests.swift */ = {isa = PBXFileReference; lastKnownFileType = sourcecode.swift; path = AppStatecraftUITestsLaunchTests.swift; sourceTree = "<group>"; };
/* End PBXFileReference section */

/* Begin PBXFrameworksBuildPhase section */
		EDF265482DF9A9F800898EBA /* Frameworks */ = {
			isa = PBXFrameworksBuildPhase;
			buildActionMask = 2147483647;
			files = (
			);
			runOnlyForDeploymentPostprocessing = 0;
		};
		EDF265582DF9A9FC00898EBA /* Frameworks */ = {
			isa = PBXFrameworksBuildPhase;
			buildActionMask = 2147483647;
			files = (
			);
			runOnlyForDeploymentPostprocessing = 0;
		};
		EDF265622DF9A9FC00898EBA /* Frameworks */ = {
			isa = PBXFrameworksBuildPhase;
			buildActionMask = 2147483647;
			files = (
			);
			runOnlyForDeploymentPostprocessing = 0;
		};
/* End PBXFrameworksBuildPhase section */

/* Begin PBXGroup section */
		242B85542E0EBF6D006EE127 /* Maieutica */ = {
			isa = PBXGroup;
			children = (
				242B85572E0EBFD6006EE127 /* InicialMaieuticaView.swift */,
				242B85592E0EC00A006EE127 /* MaieuticaView.swift */,
				242B855B2E0EC558006EE127 /* RespostaMaieutica.swift */,
				ED5B0E312E12D21700C23F20 /* MaieuticaSalvoView.swift */,
			);
			path = Maieutica;
			sourceTree = "<group>";
		};
		A417CC9A2DF9CAE400564508 /* Models */ = {
			isa = PBXGroup;
			children = (
				ED82ED442DFC6FD2006BE6D5 /* QuestaoDesafios.swift */,
				644EC39D2E12AB41003AD6E9 /* ReqProjetos.swift */,
				ED81EB2D2E0C37B0003062BA /* PromptFW.swift */,
			);
			path = Models;
			sourceTree = "<group>";
		};
		A417CC9B2DF9CAFA00564508 /* ViewModels */ = {
			isa = PBXGroup;
			children = (
				A417CC9C2DF9CB7800564508 /* FreeWritingViewModel.swift */,
				ED80F5AD2E0ADB4100B61E97 /* PingPongViewModel.swift */,
				24E7D6782E0C1F2F0064BAD1 /* PingPongViewController.swift */,
				ED81EB3B2E0D65F2003062BA /* TimerViewModel.swift */,
				ED82ED3E2DFC6E05006BE6D5 /* DesafiosMultimidiaViewModel.swift */,
				A48ABE052E0C293500483673 /* HistoricoViewModel.swift */,
				64D09EE22E0EE7B700758A21 /* ProjetosViewModel.swift */,
				242B85552E0EBFA1006EE127 /* MaieuticaViewModel.swift */,
			);
			path = ViewModels;
			sourceTree = "<group>";
		};
		A417CCA02DF9CB9100564508 /* Views */ = {
			isa = PBXGroup;
			children = (
				242B85542E0EBF6D006EE127 /* Maieutica */,
				ED81EB242E0C255A003062BA /* FreeWriting */,
				ED80F5AF2E0ADB5100B61E97 /* PingPong */,
				E8DDC8742E0AEBEF00365D65 /* MeusProjetosView.swift */,
				ED0B0E942E02EFAF00785DDD /* CardView.swift */,
				ED0B0E9A2E02F9C200785DDD /* PageControlView.swift */,
				E8FF55482E142DA9001C5407 /* SwiftUIView.swift */,
				E8FF55462E12D64D001C5407 /* CardProjeto.swift */,
				ED695A692E01B3DA009C0BE0 /* MetodologiasView.swift */,
				ED0B0E962E02F6D100785DDD /* CarrosselView.swift */,
				ED695A662E01B37C009C0BE0 /* TabBar.swift */,
				A404576F2E14036800F470D1 /* BotaoCloseModal.swift */,
				A46C081E2E02F9F100129CE7 /* ImagePicker.swift */,
				A44BD6F92E0AD68400B840EB /* AddProjetoView.swift */,
				644EC39F2E12CEE3003AD6E9 /* CriarEAddProjetoView.swift */,
				64D09EDE2E0EE41A00758A21 /* DetalhesProjetoView.swift */,
				64D09EE02E0EE46300758A21 /* ProjetoCardView.swift */,
				A47175B22E01A16C00AC6B12 /* DesafiosMultimidia */,
			);
			path = Views;
			sourceTree = "<group>";
		};
		A47175AC2E01925D00AC6B12 /* Properties */ = {
			isa = PBXGroup;
			children = (
				A43C407B2E0EFC34009B9E85 /* Projeto+CoreDataProperties.swift */,
				A43C40812E0EFC34009B9E85 /* SessaoPingPong+CoreDataProperties.swift */,
				A43C40852E0EFC34009B9E85 /* Registro+CoreDataProperties.swift */,
				A43C407D2E0EFC34009B9E85 /* SessaoFreeWriting+CoreDataProperties.swift */,
				A43C40832E0EFC34009B9E85 /* SessaoMaieutica+CoreDataProperties.swift */,
				A43C407F2E0EFC34009B9E85 /* SessaoDesafioMult+CoreDataProperties.swift */,
				A43C40872E0EFC34009B9E85 /* Sessao+CoreDataProperties.swift */,
			);
			path = Properties;
			sourceTree = "<group>";
		};
		A47175AD2E01929000AC6B12 /* Classes */ = {
			isa = PBXGroup;
			children = (
				A43C40842E0EFC34009B9E85 /* Registro+CoreDataClass.swift */,
				A43C407C2E0EFC34009B9E85 /* SessaoFreeWriting+CoreDataClass.swift */,
				A43C407A2E0EFC34009B9E85 /* Projeto+CoreDataClass.swift */,
				A43C407E2E0EFC34009B9E85 /* SessaoDesafioMult+CoreDataClass.swift */,
				A43C40802E0EFC34009B9E85 /* SessaoPingPong+CoreDataClass.swift */,
				A43C40822E0EFC34009B9E85 /* SessaoMaieutica+CoreDataClass.swift */,
				A43C40862E0EFC34009B9E85 /* Sessao+CoreDataClass.swift */,
			);
			path = Classes;
			sourceTree = "<group>";
		};
		A47175B22E01A16C00AC6B12 /* DesafiosMultimidia */ = {
			isa = PBXGroup;
			children = (
				A40C5B1F2E02DFDE00C30D6E /* DesafiosMultimidiaView.swift */,
				A47175B82E01A23A00AC6B12 /* ContainerEnunciadoView.swift */,
				ED2C7E042E097AC9004F5E9F /* InicialDesafiosView.swift */,
				A48ABE032E0C291F00483673 /* HistoricoView.swift */,
				A46C08202E03040A00129CE7 /* RespostaCard.swift */,
				A43C40782E0EE7DE009B9E85 /* MultimidiaSalvoView.swift */,
			);
			path = DesafiosMultimidia;
			sourceTree = "<group>";
		};
		A4C37CDB2DFAFC3100DB3EE9 /* Resources */ = {
			isa = PBXGroup;
			children = (
				ED84819C2E0047CC007E5709 /* Assets.xcassets */,
				EDF265542DF9A9FC00898EBA /* Preview Content */,
			);
			path = Resources;
			sourceTree = "<group>";
		};
		A4C37CDC2DFAFC5700DB3EE9 /* Application */ = {
			isa = PBXGroup;
			children = (
				EDF2654E2DF9A9F800898EBA /* AppStatecraftApp.swift */,
			);
			path = Application;
			sourceTree = "<group>";
		};
		ED80F5A12E0AC43800B61E97 /* Extensions */ = {
			isa = PBXGroup;
			children = (
				ED80F5A22E0AC46D00B61E97 /* ColorExtension.swift */,
			);
			path = Extensions;
			sourceTree = "<group>";
		};
		ED80F5AF2E0ADB5100B61E97 /* PingPong */ = {
			isa = PBXGroup;
			children = (
				ED80F5B02E0ADB5F00B61E97 /* PingPongView.swift */,
				ED80F5B42E0AE5CE00B61E97 /* InicialPingPongView.swift */,
				ED80F5B62E0AEABD00B61E97 /* DurationPickerView.swift */,
				ED81EB392E0C455F003062BA /* TimerView.swift */,
				ED5B0E2F2E12BD9200C23F20 /* PingPongSalvoView.swift */,
			);
			path = PingPong;
			sourceTree = "<group>";
		};
		ED81EB242E0C255A003062BA /* FreeWriting */ = {
			isa = PBXGroup;
			children = (
				ED81EB272E0C25B1003062BA /* InicialFreeWritingView.swift */,
				ED81EB292E0C25D7003062BA /* FreeWritingView.swift */,
				ED81EB2B2E0C3544003062BA /* ContainerPromptView.swift */,
				ED81EB332E0C393A003062BA /* RespostaFW.swift */,
				A47649532E12DA6700EC8A4D /* FreeWritingSalvo.swift */,
			);
			path = FreeWriting;
			sourceTree = "<group>";
		};
		ED82ED2F2DFC4C2F006BE6D5 /* Core */ = {
			isa = PBXGroup;
			children = (
				ED82ED322DFC4C4C006BE6D5 /* Persistence */,
				ED82ED312DFC4C43006BE6D5 /* Networking */,
				ED82ED302DFC4C38006BE6D5 /* Utilities */,
			);
			path = Core;
			sourceTree = "<group>";
		};
		ED82ED302DFC4C38006BE6D5 /* Utilities */ = {
			isa = PBXGroup;
			children = (
				ED84819A2E004534007E5709 /* DesafioUtilities.swift */,
			);
			path = Utilities;
			sourceTree = "<group>";
		};
		ED82ED312DFC4C43006BE6D5 /* Networking */ = {
			isa = PBXGroup;
			children = (
				A4773CA82E01B204002D27D7 /* oi.swift */,
			);
			path = Networking;
			sourceTree = "<group>";
		};
		ED82ED322DFC4C4C006BE6D5 /* Persistence */ = {
			isa = PBXGroup;
			children = (
				A4773CA62E01B0F2002D27D7 /* DataController.swift */,
				A4773CA32E01B0E4002D27D7 /* AppStatecraft.xcdatamodeld */,
				A47175AC2E01925D00AC6B12 /* Properties */,
				A47175AD2E01929000AC6B12 /* Classes */,
				ED82ED352DFC59F0006BE6D5 /* Images */,
				ED82ED332DFC4C70006BE6D5 /* BancoQuestoes.json */,
				ED81EB352E0C3AFC003062BA /* BancoFW.json */,
			);
			path = Persistence;
			sourceTree = "<group>";
		};
		ED82ED352DFC59F0006BE6D5 /* Images */ = {
			isa = PBXGroup;
			children = (
				ED8481952E003F3A007E5709 /* moca_arte.jpg */,
				ED8481972E003F6B007E5709 /* homem.jpg */,
				ED8481932E003F2D007E5709 /* viajante.jpg */,
			);
			name = Images;
			sourceTree = "<group>";
		};
		ED8481992E0044DF007E5709 /* Preview Content */ = {
			isa = PBXGroup;
			children = (
				ED82ED422DFC6FC0006BE6D5 /* DesafiosUtilities.swift */,
			);
			path = "Preview Content";
			sourceTree = "<group>";
		};
		EDF265422DF9A9F800898EBA = {
			isa = PBXGroup;
			children = (
				24BC38DE2E0D99360050023C /* Secrets.plist */,
				EDF2654D2DF9A9F800898EBA /* AppStatecraft */,
				EDF2655E2DF9A9FC00898EBA /* AppStatecraftTests */,
				EDF265682DF9A9FC00898EBA /* AppStatecraftUITests */,
				EDF2654C2DF9A9F800898EBA /* Products */,
			);
			sourceTree = "<group>";
		};
		EDF2654C2DF9A9F800898EBA /* Products */ = {
			isa = PBXGroup;
			children = (
				EDF2654B2DF9A9F800898EBA /* AppStatecraft.app */,
				EDF2655B2DF9A9FC00898EBA /* AppStatecraftTests.xctest */,
				EDF265652DF9A9FC00898EBA /* AppStatecraftUITests.xctest */,
			);
			name = Products;
			sourceTree = "<group>";
		};
		EDF2654D2DF9A9F800898EBA /* AppStatecraft */ = {
			isa = PBXGroup;
			children = (
				ED80F5A12E0AC43800B61E97 /* Extensions */,
				ED82ED2F2DFC4C2F006BE6D5 /* Core */,
				A4C37CDC2DFAFC5700DB3EE9 /* Application */,
				A417CCA02DF9CB9100564508 /* Views */,
				A417CC9B2DF9CAFA00564508 /* ViewModels */,
				A417CC9A2DF9CAE400564508 /* Models */,
				A4C37CDB2DFAFC3100DB3EE9 /* Resources */,
			);
			path = AppStatecraft;
			sourceTree = "<group>";
		};
		EDF265542DF9A9FC00898EBA /* Preview Content */ = {
			isa = PBXGroup;
			children = (
				EDF265552DF9A9FC00898EBA /* Preview Assets.xcassets */,
			);
			path = "Preview Content";
			sourceTree = "<group>";
		};
		EDF2655E2DF9A9FC00898EBA /* AppStatecraftTests */ = {
			isa = PBXGroup;
			children = (
				EDF2655F2DF9A9FC00898EBA /* AppStatecraftTests.swift */,
			);
			path = AppStatecraftTests;
			sourceTree = "<group>";
		};
		EDF265682DF9A9FC00898EBA /* AppStatecraftUITests */ = {
			isa = PBXGroup;
			children = (
				ED8481992E0044DF007E5709 /* Preview Content */,
				EDF265692DF9A9FC00898EBA /* AppStatecraftUITests.swift */,
				EDF2656B2DF9A9FC00898EBA /* AppStatecraftUITestsLaunchTests.swift */,
			);
			path = AppStatecraftUITests;
			sourceTree = "<group>";
		};
/* End PBXGroup section */

/* Begin PBXNativeTarget section */
		EDF2654A2DF9A9F800898EBA /* AppStatecraft */ = {
			isa = PBXNativeTarget;
			buildConfigurationList = EDF2656F2DF9A9FC00898EBA /* Build configuration list for PBXNativeTarget "AppStatecraft" */;
			buildPhases = (
				EDF265472DF9A9F800898EBA /* Sources */,
				EDF265482DF9A9F800898EBA /* Frameworks */,
				EDF265492DF9A9F800898EBA /* Resources */,
			);
			buildRules = (
			);
			dependencies = (
			);
			name = AppStatecraft;
			productName = AppStatecraft;
			productReference = EDF2654B2DF9A9F800898EBA /* AppStatecraft.app */;
			productType = "com.apple.product-type.application";
		};
		EDF2655A2DF9A9FC00898EBA /* AppStatecraftTests */ = {
			isa = PBXNativeTarget;
			buildConfigurationList = EDF265722DF9A9FC00898EBA /* Build configuration list for PBXNativeTarget "AppStatecraftTests" */;
			buildPhases = (
				EDF265572DF9A9FC00898EBA /* Sources */,
				EDF265582DF9A9FC00898EBA /* Frameworks */,
				EDF265592DF9A9FC00898EBA /* Resources */,
			);
			buildRules = (
			);
			dependencies = (
				EDF2655D2DF9A9FC00898EBA /* PBXTargetDependency */,
			);
			name = AppStatecraftTests;
			productName = AppStatecraftTests;
			productReference = EDF2655B2DF9A9FC00898EBA /* AppStatecraftTests.xctest */;
			productType = "com.apple.product-type.bundle.unit-test";
		};
		EDF265642DF9A9FC00898EBA /* AppStatecraftUITests */ = {
			isa = PBXNativeTarget;
			buildConfigurationList = EDF265752DF9A9FC00898EBA /* Build configuration list for PBXNativeTarget "AppStatecraftUITests" */;
			buildPhases = (
				EDF265612DF9A9FC00898EBA /* Sources */,
				EDF265622DF9A9FC00898EBA /* Frameworks */,
				EDF265632DF9A9FC00898EBA /* Resources */,
			);
			buildRules = (
			);
			dependencies = (
				EDF265672DF9A9FC00898EBA /* PBXTargetDependency */,
			);
			name = AppStatecraftUITests;
			productName = AppStatecraftUITests;
			productReference = EDF265652DF9A9FC00898EBA /* AppStatecraftUITests.xctest */;
			productType = "com.apple.product-type.bundle.ui-testing";
		};
/* End PBXNativeTarget section */

/* Begin PBXProject section */
		EDF265432DF9A9F800898EBA /* Project object */ = {
			isa = PBXProject;
			attributes = {
				BuildIndependentTargetsInParallel = 1;
				LastSwiftUpdateCheck = 1320;
				LastUpgradeCheck = 1320;
				TargetAttributes = {
					EDF2654A2DF9A9F800898EBA = {
						CreatedOnToolsVersion = 13.2;
					};
					EDF2655A2DF9A9FC00898EBA = {
						CreatedOnToolsVersion = 13.2;
						TestTargetID = EDF2654A2DF9A9F800898EBA;
					};
					EDF265642DF9A9FC00898EBA = {
						CreatedOnToolsVersion = 13.2;
						TestTargetID = EDF2654A2DF9A9F800898EBA;
					};
				};
			};
			buildConfigurationList = EDF265462DF9A9F800898EBA /* Build configuration list for PBXProject "AppStatecraft" */;
			compatibilityVersion = "Xcode 13.0";
			developmentRegion = en;
			hasScannedForEncodings = 0;
			knownRegions = (
				en,
				Base,
			);
			mainGroup = EDF265422DF9A9F800898EBA;
			productRefGroup = EDF2654C2DF9A9F800898EBA /* Products */;
			projectDirPath = "";
			projectRoot = "";
			targets = (
				EDF2654A2DF9A9F800898EBA /* AppStatecraft */,
				EDF2655A2DF9A9FC00898EBA /* AppStatecraftTests */,
				EDF265642DF9A9FC00898EBA /* AppStatecraftUITests */,
			);
		};
/* End PBXProject section */

/* Begin PBXResourcesBuildPhase section */
		EDF265492DF9A9F800898EBA /* Resources */ = {
			isa = PBXResourcesBuildPhase;
			buildActionMask = 2147483647;
			files = (
				EDF265532DF9A9FC00898EBA /* (null) in Resources */,
				EDF265562DF9A9FC00898EBA /* Preview Assets.xcassets in Resources */,
				ED8481942E003F2D007E5709 /* viajante.jpg in Resources */,
				ED8481962E003F3A007E5709 /* moca_arte.jpg in Resources */,
				24BC38DF2E0D99360050023C /* Secrets.plist in Resources */,
				ED81EB362E0C3AFC003062BA /* BancoFW.json in Resources */,
				ED84819D2E0047CC007E5709 /* Assets.xcassets in Resources */,
				ED8481982E003F6B007E5709 /* homem.jpg in Resources */,
				ED82ED342DFC4C70006BE6D5 /* BancoQuestoes.json in Resources */,
			);
			runOnlyForDeploymentPostprocessing = 0;
		};
		EDF265592DF9A9FC00898EBA /* Resources */ = {
			isa = PBXResourcesBuildPhase;
			buildActionMask = 2147483647;
			files = (
			);
			runOnlyForDeploymentPostprocessing = 0;
		};
		EDF265632DF9A9FC00898EBA /* Resources */ = {
			isa = PBXResourcesBuildPhase;
			buildActionMask = 2147483647;
			files = (
			);
			runOnlyForDeploymentPostprocessing = 0;
		};
/* End PBXResourcesBuildPhase section */

/* Begin PBXSourcesBuildPhase section */
		EDF265472DF9A9F800898EBA /* Sources */ = {
			isa = PBXSourcesBuildPhase;
			buildActionMask = 2147483647;
			files = (
				ED81EB3A2E0C455F003062BA /* TimerView.swift in Sources */,
				242B85582E0EBFD6006EE127 /* InicialMaieuticaView.swift in Sources */,
				ED2C7E052E097ACA004F5E9F /* InicialDesafiosView.swift in Sources */,
				ED81EB2E2E0C37B0003062BA /* PromptFW.swift in Sources */,
				ED81EB2C2E0C3544003062BA /* ContainerPromptView.swift in Sources */,
				A46C081F2E02F9F100129CE7 /* ImagePicker.swift in Sources */,
				A46C08212E03040A00129CE7 /* RespostaCard.swift in Sources */,
				ED80F5B72E0AEABD00B61E97 /* DurationPickerView.swift in Sources */,
				ED81EB3C2E0D65F2003062BA /* TimerViewModel.swift in Sources */,
				A43C40952E0EFC34009B9E85 /* Sessao+CoreDataProperties.swift in Sources */,
				ED80F5B52E0AE5CE00B61E97 /* InicialPingPongView.swift in Sources */,
				A43C408A2E0EFC34009B9E85 /* SessaoFreeWriting+CoreDataClass.swift in Sources */,
				A4773CA72E01B0F2002D27D7 /* DataController.swift in Sources */,
				ED82ED3F2DFC6E05006BE6D5 /* DesafiosMultimidiaViewModel.swift in Sources */,
				A43C40902E0EFC34009B9E85 /* SessaoMaieutica+CoreDataClass.swift in Sources */,
				ED80F5A32E0AC46D00B61E97 /* ColorExtension.swift in Sources */,
				ED80F5AE2E0ADB4100B61E97 /* PingPongViewModel.swift in Sources */,
				ED81EB342E0C393A003062BA /* RespostaFW.swift in Sources */,
				ED5B0E302E12BD9200C23F20 /* PingPongSalvoView.swift in Sources */,
				A43C40882E0EFC34009B9E85 /* Projeto+CoreDataClass.swift in Sources */,
				A417CC9D2DF9CB7800564508 /* FreeWritingViewModel.swift in Sources */,

				E8FF55472E12D64D001C5407 /* CardProjeto.swift in Sources */,
				A48ABDF62E0C22FA00483673 /* SessaoDesafioMult+CoreDataProperties.swift in Sources */,
				A48ABDFA2E0C22FA00483673 /* SessaoPingPong+CoreDataProperties.swift in Sources */,
				A48ABDF52E0C22FA00483673 /* SessaoDesafioMult+CoreDataClass.swift in Sources */,
				A48ABDF92E0C22FA00483673 /* SessaoPingPong+CoreDataClass.swift in Sources */,
				A48ABDF82E0C22FA00483673 /* Sessao+CoreDataProperties.swift in Sources */,

				A44BD6FA2E0AD68400B840EB /* AddProjetoView.swift in Sources */,
				A47649542E12DA6700EC8A4D /* FreeWritingSalvo.swift in Sources */,
				ED0B0E9B2E02F9C200785DDD /* PageControlView.swift in Sources */,
				242B85562E0EBFA1006EE127 /* MaieuticaViewModel.swift in Sources */,
				242B855A2E0EC00A006EE127 /* MaieuticaView.swift in Sources */,
				ED695A6A2E01B3DA009C0BE0 /* MetodologiasView.swift in Sources */,
				64D09EE32E0EE7B700758A21 /* ProjetosViewModel.swift in Sources */,
				A43C40912E0EFC34009B9E85 /* SessaoMaieutica+CoreDataProperties.swift in Sources */,
				A4773CA52E01B0E4002D27D7 /* AppStatecraft.xcdatamodeld in Sources */,
				ED84819B2E004534007E5709 /* DesafioUtilities.swift in Sources */,
				E8DDC8752E0AEBEF00365D65 /* MeusProjetosView.swift in Sources */,
				A48ABE042E0C291F00483673 /* HistoricoView.swift in Sources */,
				ED82ED452DFC6FD2006BE6D5 /* QuestaoDesafios.swift in Sources */,
				A40457702E14036800F470D1 /* BotaoCloseModal.swift in Sources */,
				A43C40932E0EFC34009B9E85 /* Registro+CoreDataProperties.swift in Sources */,
				A43C408C2E0EFC34009B9E85 /* SessaoDesafioMult+CoreDataClass.swift in Sources */,
				A43C408E2E0EFC34009B9E85 /* SessaoPingPong+CoreDataClass.swift in Sources */,
				A43C40792E0EE7DE009B9E85 /* MultimidiaSalvoView.swift in Sources */,
				A43C40942E0EFC34009B9E85 /* Sessao+CoreDataClass.swift in Sources */,
				ED82ED432DFC6FC0006BE6D5 /* DesafiosUtilities.swift in Sources */,
				644EC39E2E12AB41003AD6E9 /* ReqProjetos.swift in Sources */,

				
				64D09EDF2E0EE41A00758A21 /* DetalhesProjetoView.swift in Sources */,
				
				A48ABDFD2E0C22FA00483673 /* SessaoFreeWriting+CoreDataClass.swift in Sources */,
				A48ABDF42E0C22FA00483673 /* SessaoMaieutica+CoreDataProperties.swift in Sources */,
				64D09EE12E0EE46300758A21 /* ProjetoCardView.swift in Sources */,

				EDF2654F2DF9A9F800898EBA /* AppStatecraftApp.swift in Sources */,
				A43C40922E0EFC34009B9E85 /* Registro+CoreDataClass.swift in Sources */,

				ED0B0E952E02EFAF00785DDD /* CardView.swift in Sources */,
				A43C408B2E0EFC34009B9E85 /* SessaoFreeWriting+CoreDataProperties.swift in Sources */,
				24E7D6792E0C1F2F0064BAD1 /* PingPongViewController.swift in Sources */,
				A43C40892E0EFC34009B9E85 /* Projeto+CoreDataProperties.swift in Sources */,
				242B855C2E0EC558006EE127 /* RespostaMaieutica.swift in Sources */,

				E8FF55492E142DA9001C5407 /* SwiftUIView.swift in Sources */,

				A43C408D2E0EFC34009B9E85 /* SessaoDesafioMult+CoreDataProperties.swift in Sources */,
				644EC3A02E12CEE4003AD6E9 /* CriarEAddProjetoView.swift in Sources */,
				ED81EB282E0C25B1003062BA /* InicialFreeWritingView.swift in Sources */,
				A40C5B202E02DFDE00C30D6E /* DesafiosMultimidiaView.swift in Sources */,
				A47175B92E01A23A00AC6B12 /* ContainerEnunciadoView.swift in Sources */,
				ED80F5B12E0ADB5F00B61E97 /* PingPongView.swift in Sources */,
				ED81EB2A2E0C25D7003062BA /* FreeWritingView.swift in Sources */,
				ED695A672E01B37C009C0BE0 /* TabBar.swift in Sources */,
				A43C408F2E0EFC34009B9E85 /* SessaoPingPong+CoreDataProperties.swift in Sources */,
				ED5B0E322E12D21700C23F20 /* MaieuticaSalvoView.swift in Sources */,
				A48ABE062E0C293500483673 /* HistoricoViewModel.swift in Sources */,
				ED0B0E972E02F6D100785DDD /* CarrosselView.swift in Sources */,
			);
			runOnlyForDeploymentPostprocessing = 0;
		};
		EDF265572DF9A9FC00898EBA /* Sources */ = {
			isa = PBXSourcesBuildPhase;
			buildActionMask = 2147483647;
			files = (
				EDF265602DF9A9FC00898EBA /* AppStatecraftTests.swift in Sources */,
			);
			runOnlyForDeploymentPostprocessing = 0;
		};
		EDF265612DF9A9FC00898EBA /* Sources */ = {
			isa = PBXSourcesBuildPhase;
			buildActionMask = 2147483647;
			files = (
				EDF2656A2DF9A9FC00898EBA /* AppStatecraftUITests.swift in Sources */,
				EDF2656C2DF9A9FC00898EBA /* AppStatecraftUITestsLaunchTests.swift in Sources */,
			);
			runOnlyForDeploymentPostprocessing = 0;
		};
/* End PBXSourcesBuildPhase section */

/* Begin PBXTargetDependency section */
		EDF2655D2DF9A9FC00898EBA /* PBXTargetDependency */ = {
			isa = PBXTargetDependency;
			target = EDF2654A2DF9A9F800898EBA /* AppStatecraft */;
			targetProxy = EDF2655C2DF9A9FC00898EBA /* PBXContainerItemProxy */;
		};
		EDF265672DF9A9FC00898EBA /* PBXTargetDependency */ = {
			isa = PBXTargetDependency;
			target = EDF2654A2DF9A9F800898EBA /* AppStatecraft */;
			targetProxy = EDF265662DF9A9FC00898EBA /* PBXContainerItemProxy */;
		};
/* End PBXTargetDependency section */

/* Begin XCBuildConfiguration section */
		EDF2656D2DF9A9FC00898EBA /* Debug */ = {
			isa = XCBuildConfiguration;
			buildSettings = {
				ALWAYS_SEARCH_USER_PATHS = NO;
				CLANG_ANALYZER_NONNULL = YES;
				CLANG_ANALYZER_NUMBER_OBJECT_CONVERSION = YES_AGGRESSIVE;
				CLANG_CXX_LANGUAGE_STANDARD = "gnu++17";
				CLANG_CXX_LIBRARY = "libc++";
				CLANG_ENABLE_MODULES = YES;
				CLANG_ENABLE_OBJC_ARC = YES;
				CLANG_ENABLE_OBJC_WEAK = YES;
				CLANG_WARN_BLOCK_CAPTURE_AUTORELEASING = YES;
				CLANG_WARN_BOOL_CONVERSION = YES;
				CLANG_WARN_COMMA = YES;
				CLANG_WARN_CONSTANT_CONVERSION = YES;
				CLANG_WARN_DEPRECATED_OBJC_IMPLEMENTATIONS = YES;
				CLANG_WARN_DIRECT_OBJC_ISA_USAGE = YES_ERROR;
				CLANG_WARN_DOCUMENTATION_COMMENTS = YES;
				CLANG_WARN_EMPTY_BODY = YES;
				CLANG_WARN_ENUM_CONVERSION = YES;
				CLANG_WARN_INFINITE_RECURSION = YES;
				CLANG_WARN_INT_CONVERSION = YES;
				CLANG_WARN_NON_LITERAL_NULL_CONVERSION = YES;
				CLANG_WARN_OBJC_IMPLICIT_RETAIN_SELF = YES;
				CLANG_WARN_OBJC_LITERAL_CONVERSION = YES;
				CLANG_WARN_OBJC_ROOT_CLASS = YES_ERROR;
				CLANG_WARN_QUOTED_INCLUDE_IN_FRAMEWORK_HEADER = YES;
				CLANG_WARN_RANGE_LOOP_ANALYSIS = YES;
				CLANG_WARN_STRICT_PROTOTYPES = YES;
				CLANG_WARN_SUSPICIOUS_MOVE = YES;
				CLANG_WARN_UNGUARDED_AVAILABILITY = YES_AGGRESSIVE;
				CLANG_WARN_UNREACHABLE_CODE = YES;
				CLANG_WARN__DUPLICATE_METHOD_MATCH = YES;
				COPY_PHASE_STRIP = NO;
				DEBUG_INFORMATION_FORMAT = dwarf;
				ENABLE_STRICT_OBJC_MSGSEND = YES;
				ENABLE_TESTABILITY = YES;
				GCC_C_LANGUAGE_STANDARD = gnu11;
				GCC_DYNAMIC_NO_PIC = NO;
				GCC_NO_COMMON_BLOCKS = YES;
				GCC_OPTIMIZATION_LEVEL = 0;
				GCC_PREPROCESSOR_DEFINITIONS = (
					"DEBUG=1",
					"$(inherited)",
				);
				GCC_WARN_64_TO_32_BIT_CONVERSION = YES;
				GCC_WARN_ABOUT_RETURN_TYPE = YES_ERROR;
				GCC_WARN_UNDECLARED_SELECTOR = YES;
				GCC_WARN_UNINITIALIZED_AUTOS = YES_AGGRESSIVE;
				GCC_WARN_UNUSED_FUNCTION = YES;
				GCC_WARN_UNUSED_VARIABLE = YES;
				IPHONEOS_DEPLOYMENT_TARGET = 15.2;
				MTL_ENABLE_DEBUG_INFO = INCLUDE_SOURCE;
				MTL_FAST_MATH = YES;
				ONLY_ACTIVE_ARCH = YES;
				SDKROOT = iphoneos;
				SWIFT_ACTIVE_COMPILATION_CONDITIONS = DEBUG;
				SWIFT_OPTIMIZATION_LEVEL = "-Onone";
			};
			name = Debug;
		};
		EDF2656E2DF9A9FC00898EBA /* Release */ = {
			isa = XCBuildConfiguration;
			buildSettings = {
				ALWAYS_SEARCH_USER_PATHS = NO;
				CLANG_ANALYZER_NONNULL = YES;
				CLANG_ANALYZER_NUMBER_OBJECT_CONVERSION = YES_AGGRESSIVE;
				CLANG_CXX_LANGUAGE_STANDARD = "gnu++17";
				CLANG_CXX_LIBRARY = "libc++";
				CLANG_ENABLE_MODULES = YES;
				CLANG_ENABLE_OBJC_ARC = YES;
				CLANG_ENABLE_OBJC_WEAK = YES;
				CLANG_WARN_BLOCK_CAPTURE_AUTORELEASING = YES;
				CLANG_WARN_BOOL_CONVERSION = YES;
				CLANG_WARN_COMMA = YES;
				CLANG_WARN_CONSTANT_CONVERSION = YES;
				CLANG_WARN_DEPRECATED_OBJC_IMPLEMENTATIONS = YES;
				CLANG_WARN_DIRECT_OBJC_ISA_USAGE = YES_ERROR;
				CLANG_WARN_DOCUMENTATION_COMMENTS = YES;
				CLANG_WARN_EMPTY_BODY = YES;
				CLANG_WARN_ENUM_CONVERSION = YES;
				CLANG_WARN_INFINITE_RECURSION = YES;
				CLANG_WARN_INT_CONVERSION = YES;
				CLANG_WARN_NON_LITERAL_NULL_CONVERSION = YES;
				CLANG_WARN_OBJC_IMPLICIT_RETAIN_SELF = YES;
				CLANG_WARN_OBJC_LITERAL_CONVERSION = YES;
				CLANG_WARN_OBJC_ROOT_CLASS = YES_ERROR;
				CLANG_WARN_QUOTED_INCLUDE_IN_FRAMEWORK_HEADER = YES;
				CLANG_WARN_RANGE_LOOP_ANALYSIS = YES;
				CLANG_WARN_STRICT_PROTOTYPES = YES;
				CLANG_WARN_SUSPICIOUS_MOVE = YES;
				CLANG_WARN_UNGUARDED_AVAILABILITY = YES_AGGRESSIVE;
				CLANG_WARN_UNREACHABLE_CODE = YES;
				CLANG_WARN__DUPLICATE_METHOD_MATCH = YES;
				COPY_PHASE_STRIP = NO;
				DEBUG_INFORMATION_FORMAT = "dwarf-with-dsym";
				ENABLE_NS_ASSERTIONS = NO;
				ENABLE_STRICT_OBJC_MSGSEND = YES;
				GCC_C_LANGUAGE_STANDARD = gnu11;
				GCC_NO_COMMON_BLOCKS = YES;
				GCC_WARN_64_TO_32_BIT_CONVERSION = YES;
				GCC_WARN_ABOUT_RETURN_TYPE = YES_ERROR;
				GCC_WARN_UNDECLARED_SELECTOR = YES;
				GCC_WARN_UNINITIALIZED_AUTOS = YES_AGGRESSIVE;
				GCC_WARN_UNUSED_FUNCTION = YES;
				GCC_WARN_UNUSED_VARIABLE = YES;
				IPHONEOS_DEPLOYMENT_TARGET = 15.2;
				MTL_ENABLE_DEBUG_INFO = NO;
				MTL_FAST_MATH = YES;
				SDKROOT = iphoneos;
				SWIFT_COMPILATION_MODE = wholemodule;
				SWIFT_OPTIMIZATION_LEVEL = "-O";
				VALIDATE_PRODUCT = YES;
			};
			name = Release;
		};
		EDF265702DF9A9FC00898EBA /* Debug */ = {
			isa = XCBuildConfiguration;
			buildSettings = {
				ASSETCATALOG_COMPILER_APPICON_NAME = AppIcon;
				ASSETCATALOG_COMPILER_GLOBAL_ACCENT_COLOR_NAME = AccentColor;
				CODE_SIGN_STYLE = Automatic;
				CURRENT_PROJECT_VERSION = 1;
				DEVELOPMENT_ASSET_PATHS = "\"AppStatecraft/Resources/Preview Content\"";
				ENABLE_PREVIEWS = YES;
				GENERATE_INFOPLIST_FILE = YES;
				INFOPLIST_KEY_NSPhotoLibraryUsageDescription = "Para que você possa anexar uma imagem à sua resposta do desafio.\n\nPara que você possa anexar uma imagem à sua resposta do desafio.\n\nPara que você possa anexar uma imagem à sua resposta do desafio.\n\nPara que você possa anexar uma imagem à sua resposta do desafio.\n\nPara que você possa anexar uma imagem à sua resposta do desafio.\nPara que você possa anexar uma imagem à sua resposta do desafio.\n\nPara que você possa anexar uma imagem à sua resposta do desafio.\n\nPara que você possa anexar uma imagem à sua resposta do desafio.\n\nPara que você possa anexar uma imagem à sua resposta do desafio.\n\nPara que você possa anexar uma imagem à sua resposta do desafio.\n";
				INFOPLIST_KEY_UIApplicationSceneManifest_Generation = YES;
				INFOPLIST_KEY_UIApplicationSupportsIndirectInputEvents = YES;
				INFOPLIST_KEY_UILaunchScreen_Generation = YES;
				INFOPLIST_KEY_UISupportedInterfaceOrientations_iPad = "UIInterfaceOrientationPortrait UIInterfaceOrientationPortraitUpsideDown UIInterfaceOrientationLandscapeLeft UIInterfaceOrientationLandscapeRight";
				INFOPLIST_KEY_UISupportedInterfaceOrientations_iPhone = "UIInterfaceOrientationPortrait UIInterfaceOrientationLandscapeLeft UIInterfaceOrientationLandscapeRight";
				LD_RUNPATH_SEARCH_PATHS = (
					"$(inherited)",
					"@executable_path/Frameworks",
				);
				MARKETING_VERSION = 1.0;
				PRODUCT_BUNDLE_IDENTIFIER = triviaSwift.AppStatecraft;
				PRODUCT_NAME = "$(TARGET_NAME)";
				SWIFT_EMIT_LOC_STRINGS = YES;
				SWIFT_VERSION = 5.0;
				TARGETED_DEVICE_FAMILY = "1,2";
			};
			name = Debug;
		};
		EDF265712DF9A9FC00898EBA /* Release */ = {
			isa = XCBuildConfiguration;
			buildSettings = {
				ASSETCATALOG_COMPILER_APPICON_NAME = AppIcon;
				ASSETCATALOG_COMPILER_GLOBAL_ACCENT_COLOR_NAME = AccentColor;
				CODE_SIGN_STYLE = Automatic;
				CURRENT_PROJECT_VERSION = 1;
				DEVELOPMENT_ASSET_PATHS = "";
				ENABLE_PREVIEWS = YES;
				GENERATE_INFOPLIST_FILE = YES;
				INFOPLIST_KEY_NSPhotoLibraryUsageDescription = "Para que você possa anexar uma imagem à sua resposta do desafio.\n\nPara que você possa anexar uma imagem à sua resposta do desafio.\n\nPara que você possa anexar uma imagem à sua resposta do desafio.\n\nPara que você possa anexar uma imagem à sua resposta do desafio.\n\nPara que você possa anexar uma imagem à sua resposta do desafio.\nPara que você possa anexar uma imagem à sua resposta do desafio.\n\nPara que você possa anexar uma imagem à sua resposta do desafio.\n\nPara que você possa anexar uma imagem à sua resposta do desafio.\n\nPara que você possa anexar uma imagem à sua resposta do desafio.\n\nPara que você possa anexar uma imagem à sua resposta do desafio.\n";
				INFOPLIST_KEY_UIApplicationSceneManifest_Generation = YES;
				INFOPLIST_KEY_UIApplicationSupportsIndirectInputEvents = YES;
				INFOPLIST_KEY_UILaunchScreen_Generation = YES;
				INFOPLIST_KEY_UISupportedInterfaceOrientations_iPad = "UIInterfaceOrientationPortrait UIInterfaceOrientationPortraitUpsideDown UIInterfaceOrientationLandscapeLeft UIInterfaceOrientationLandscapeRight";
				INFOPLIST_KEY_UISupportedInterfaceOrientations_iPhone = "UIInterfaceOrientationPortrait UIInterfaceOrientationLandscapeLeft UIInterfaceOrientationLandscapeRight";
				LD_RUNPATH_SEARCH_PATHS = (
					"$(inherited)",
					"@executable_path/Frameworks",
				);
				MARKETING_VERSION = 1.0;
				PRODUCT_BUNDLE_IDENTIFIER = triviaSwift.AppStatecraft;
				PRODUCT_NAME = "$(TARGET_NAME)";
				SWIFT_EMIT_LOC_STRINGS = YES;
				SWIFT_VERSION = 5.0;
				TARGETED_DEVICE_FAMILY = "1,2";
			};
			name = Release;
		};
		EDF265732DF9A9FC00898EBA /* Debug */ = {
			isa = XCBuildConfiguration;
			buildSettings = {
				ALWAYS_EMBED_SWIFT_STANDARD_LIBRARIES = YES;
				BUNDLE_LOADER = "$(TEST_HOST)";
				CODE_SIGN_STYLE = Automatic;
				CURRENT_PROJECT_VERSION = 1;
				GENERATE_INFOPLIST_FILE = YES;
				IPHONEOS_DEPLOYMENT_TARGET = 15.2;
				MARKETING_VERSION = 1.0;
				PRODUCT_BUNDLE_IDENTIFIER = triviaSwift.AppStatecraftTests;
				PRODUCT_NAME = "$(TARGET_NAME)";
				SWIFT_EMIT_LOC_STRINGS = NO;
				SWIFT_VERSION = 5.0;
				TARGETED_DEVICE_FAMILY = "1,2";
				TEST_HOST = "$(BUILT_PRODUCTS_DIR)/AppStatecraft.app/AppStatecraft";
			};
			name = Debug;
		};
		EDF265742DF9A9FC00898EBA /* Release */ = {
			isa = XCBuildConfiguration;
			buildSettings = {
				ALWAYS_EMBED_SWIFT_STANDARD_LIBRARIES = YES;
				BUNDLE_LOADER = "$(TEST_HOST)";
				CODE_SIGN_STYLE = Automatic;
				CURRENT_PROJECT_VERSION = 1;
				GENERATE_INFOPLIST_FILE = YES;
				IPHONEOS_DEPLOYMENT_TARGET = 15.2;
				MARKETING_VERSION = 1.0;
				PRODUCT_BUNDLE_IDENTIFIER = triviaSwift.AppStatecraftTests;
				PRODUCT_NAME = "$(TARGET_NAME)";
				SWIFT_EMIT_LOC_STRINGS = NO;
				SWIFT_VERSION = 5.0;
				TARGETED_DEVICE_FAMILY = "1,2";
				TEST_HOST = "$(BUILT_PRODUCTS_DIR)/AppStatecraft.app/AppStatecraft";
			};
			name = Release;
		};
		EDF265762DF9A9FC00898EBA /* Debug */ = {
			isa = XCBuildConfiguration;
			buildSettings = {
				ALWAYS_EMBED_SWIFT_STANDARD_LIBRARIES = YES;
				CODE_SIGN_STYLE = Automatic;
				CURRENT_PROJECT_VERSION = 1;
				GENERATE_INFOPLIST_FILE = YES;
				MARKETING_VERSION = 1.0;
				PRODUCT_BUNDLE_IDENTIFIER = triviaSwift.AppStatecraftUITests;
				PRODUCT_NAME = "$(TARGET_NAME)";
				SWIFT_EMIT_LOC_STRINGS = NO;
				SWIFT_VERSION = 5.0;
				TARGETED_DEVICE_FAMILY = "1,2";
				TEST_TARGET_NAME = AppStatecraft;
			};
			name = Debug;
		};
		EDF265772DF9A9FC00898EBA /* Release */ = {
			isa = XCBuildConfiguration;
			buildSettings = {
				ALWAYS_EMBED_SWIFT_STANDARD_LIBRARIES = YES;
				CODE_SIGN_STYLE = Automatic;
				CURRENT_PROJECT_VERSION = 1;
				GENERATE_INFOPLIST_FILE = YES;
				MARKETING_VERSION = 1.0;
				PRODUCT_BUNDLE_IDENTIFIER = triviaSwift.AppStatecraftUITests;
				PRODUCT_NAME = "$(TARGET_NAME)";
				SWIFT_EMIT_LOC_STRINGS = NO;
				SWIFT_VERSION = 5.0;
				TARGETED_DEVICE_FAMILY = "1,2";
				TEST_TARGET_NAME = AppStatecraft;
			};
			name = Release;
		};
/* End XCBuildConfiguration section */

/* Begin XCConfigurationList section */
		EDF265462DF9A9F800898EBA /* Build configuration list for PBXProject "AppStatecraft" */ = {
			isa = XCConfigurationList;
			buildConfigurations = (
				EDF2656D2DF9A9FC00898EBA /* Debug */,
				EDF2656E2DF9A9FC00898EBA /* Release */,
			);
			defaultConfigurationIsVisible = 0;
			defaultConfigurationName = Release;
		};
		EDF2656F2DF9A9FC00898EBA /* Build configuration list for PBXNativeTarget "AppStatecraft" */ = {
			isa = XCConfigurationList;
			buildConfigurations = (
				EDF265702DF9A9FC00898EBA /* Debug */,
				EDF265712DF9A9FC00898EBA /* Release */,
			);
			defaultConfigurationIsVisible = 0;
			defaultConfigurationName = Release;
		};
		EDF265722DF9A9FC00898EBA /* Build configuration list for PBXNativeTarget "AppStatecraftTests" */ = {
			isa = XCConfigurationList;
			buildConfigurations = (
				EDF265732DF9A9FC00898EBA /* Debug */,
				EDF265742DF9A9FC00898EBA /* Release */,
			);
			defaultConfigurationIsVisible = 0;
			defaultConfigurationName = Release;
		};
		EDF265752DF9A9FC00898EBA /* Build configuration list for PBXNativeTarget "AppStatecraftUITests" */ = {
			isa = XCConfigurationList;
			buildConfigurations = (
				EDF265762DF9A9FC00898EBA /* Debug */,
				EDF265772DF9A9FC00898EBA /* Release */,
			);
			defaultConfigurationIsVisible = 0;
			defaultConfigurationName = Release;
		};
/* End XCConfigurationList section */

/* Begin XCVersionGroup section */
		A4773CA32E01B0E4002D27D7 /* AppStatecraft.xcdatamodeld */ = {
			isa = XCVersionGroup;
			children = (
				A4773CA42E01B0E4002D27D7 /* AppStatecraft.xcdatamodel */,
			);
			currentVersion = A4773CA42E01B0E4002D27D7 /* AppStatecraft.xcdatamodel */;
			path = AppStatecraft.xcdatamodeld;
			sourceTree = "<group>";
			versionGroupType = wrapper.xcdatamodel;
		};
/* End XCVersionGroup section */
	};
	rootObject = EDF265432DF9A9F800898EBA /* Project object */;
}
