// !$*UTF8*$!
{
	archiveVersion = 1;
	classes = {
	};
	objectVersion = 55;
	objects = {

/* Begin PBXBuildFile section */
		A417CC9D2DF9CB7800564508 /* FreeWritingViewModel.swift in Sources */ = {isa = PBXBuildFile; fileRef = A417CC9C2DF9CB7800564508 /* FreeWritingViewModel.swift */; };
		A471759E2E018F9D00AC6B12 /* SessaoPingPong+CoreDataClass.swift in Sources */ = {isa = PBXBuildFile; fileRef = A47175902E018F9D00AC6B12 /* SessaoPingPong+CoreDataClass.swift */; };
		A471759F2E018F9D00AC6B12 /* SessaoPingPong+CoreDataProperties.swift in Sources */ = {isa = PBXBuildFile; fileRef = A47175912E018F9D00AC6B12 /* SessaoPingPong+CoreDataProperties.swift */; };
		A47175A02E018F9D00AC6B12 /* SessaoDesafioMult+CoreDataClass.swift in Sources */ = {isa = PBXBuildFile; fileRef = A47175922E018F9D00AC6B12 /* SessaoDesafioMult+CoreDataClass.swift */; };
		A47175A12E018F9D00AC6B12 /* SessaoDesafioMult+CoreDataProperties.swift in Sources */ = {isa = PBXBuildFile; fileRef = A47175932E018F9D00AC6B12 /* SessaoDesafioMult+CoreDataProperties.swift */; };
		A47175A22E018F9D00AC6B12 /* Sessao+CoreDataClass.swift in Sources */ = {isa = PBXBuildFile; fileRef = A47175942E018F9D00AC6B12 /* Sessao+CoreDataClass.swift */; };
		A47175A32E018F9D00AC6B12 /* Sessao+CoreDataProperties.swift in Sources */ = {isa = PBXBuildFile; fileRef = A47175952E018F9D00AC6B12 /* Sessao+CoreDataProperties.swift */; };
		A47175A42E018F9D00AC6B12 /* Registro+CoreDataClass.swift in Sources */ = {isa = PBXBuildFile; fileRef = A47175962E018F9D00AC6B12 /* Registro+CoreDataClass.swift */; };
		A47175A52E018F9D00AC6B12 /* Registro+CoreDataProperties.swift in Sources */ = {isa = PBXBuildFile; fileRef = A47175972E018F9D00AC6B12 /* Registro+CoreDataProperties.swift */; };
		A47175A62E018F9D00AC6B12 /* Projeto+CoreDataClass.swift in Sources */ = {isa = PBXBuildFile; fileRef = A47175982E018F9D00AC6B12 /* Projeto+CoreDataClass.swift */; };
		A47175A72E018F9D00AC6B12 /* Projeto+CoreDataProperties.swift in Sources */ = {isa = PBXBuildFile; fileRef = A47175992E018F9D00AC6B12 /* Projeto+CoreDataProperties.swift */; };
		A47175A82E018F9D00AC6B12 /* SessaoFreeWriting+CoreDataClass.swift in Sources */ = {isa = PBXBuildFile; fileRef = A471759A2E018F9D00AC6B12 /* SessaoFreeWriting+CoreDataClass.swift */; };
		A47175A92E018F9D00AC6B12 /* SessaoFreeWriting+CoreDataProperties.swift in Sources */ = {isa = PBXBuildFile; fileRef = A471759B2E018F9D00AC6B12 /* SessaoFreeWriting+CoreDataProperties.swift */; };
		A47175AA2E018F9D00AC6B12 /* SessaoMaieutica+CoreDataClass.swift in Sources */ = {isa = PBXBuildFile; fileRef = A471759C2E018F9D00AC6B12 /* SessaoMaieutica+CoreDataClass.swift */; };
		A47175AB2E018F9D00AC6B12 /* SessaoMaieutica+CoreDataProperties.swift in Sources */ = {isa = PBXBuildFile; fileRef = A471759D2E018F9D00AC6B12 /* SessaoMaieutica+CoreDataProperties.swift */; };
		A47175B12E01A15C00AC6B12 /* DesafiosMultimidiaView.swift in Sources */ = {isa = PBXBuildFile; fileRef = A47175B02E01A15C00AC6B12 /* DesafiosMultimidiaView.swift */; };
		A47175B92E01A23A00AC6B12 /* ContainerEnunciadoView.swift in Sources */ = {isa = PBXBuildFile; fileRef = A47175B82E01A23A00AC6B12 /* ContainerEnunciadoView.swift */; };
		A4773CA52E01B0E4002D27D7 /* AppStatecraft.xcdatamodeld in Sources */ = {isa = PBXBuildFile; fileRef = A4773CA32E01B0E4002D27D7 /* AppStatecraft.xcdatamodeld */; };
		A4773CA72E01B0F2002D27D7 /* DataController.swift in Sources */ = {isa = PBXBuildFile; fileRef = A4773CA62E01B0F2002D27D7 /* DataController.swift */; };
		ED695A672E01B37C009C0BE0 /* TabBar.swift in Sources */ = {isa = PBXBuildFile; fileRef = ED695A662E01B37C009C0BE0 /* TabBar.swift */; };
		ED695A6A2E01B3DA009C0BE0 /* MetodologiasView.swift in Sources */ = {isa = PBXBuildFile; fileRef = ED695A692E01B3DA009C0BE0 /* MetodologiasView.swift */; };
		ED82ED342DFC4C70006BE6D5 /* BancoQuestoes.json in Resources */ = {isa = PBXBuildFile; fileRef = ED82ED332DFC4C70006BE6D5 /* BancoQuestoes.json */; };
		ED82ED3F2DFC6E05006BE6D5 /* DesafiosMultimidaViewModel.swift in Sources */ = {isa = PBXBuildFile; fileRef = ED82ED3E2DFC6E05006BE6D5 /* DesafiosMultimidaViewModel.swift */; };
		ED82ED432DFC6FC0006BE6D5 /* DesafiosUtilities.swift in Sources */ = {isa = PBXBuildFile; fileRef = ED82ED422DFC6FC0006BE6D5 /* DesafiosUtilities.swift */; };
		ED82ED452DFC6FD2006BE6D5 /* QuestaoDesafios.swift in Sources */ = {isa = PBXBuildFile; fileRef = ED82ED442DFC6FD2006BE6D5 /* QuestaoDesafios.swift */; };
		ED8481942E003F2D007E5709 /* viajante.jpg in Resources */ = {isa = PBXBuildFile; fileRef = ED8481932E003F2D007E5709 /* viajante.jpg */; };
		ED8481962E003F3A007E5709 /* moca_arte.jpg in Resources */ = {isa = PBXBuildFile; fileRef = ED8481952E003F3A007E5709 /* moca_arte.jpg */; };
		ED8481982E003F6B007E5709 /* homem.jpg in Resources */ = {isa = PBXBuildFile; fileRef = ED8481972E003F6B007E5709 /* homem.jpg */; };
		ED84819B2E004534007E5709 /* DesafioUtilities.swift in Sources */ = {isa = PBXBuildFile; fileRef = ED84819A2E004534007E5709 /* DesafioUtilities.swift */; };
		ED84819D2E0047CC007E5709 /* Assets.xcassets in Resources */ = {isa = PBXBuildFile; fileRef = ED84819C2E0047CC007E5709 /* Assets.xcassets */; };
		EDF2654F2DF9A9F800898EBA /* AppStatecraftApp.swift in Sources */ = {isa = PBXBuildFile; fileRef = EDF2654E2DF9A9F800898EBA /* AppStatecraftApp.swift */; };
		EDF265532DF9A9FC00898EBA /* (null) in Resources */ = {isa = PBXBuildFile; };
		EDF265562DF9A9FC00898EBA /* Preview Assets.xcassets in Resources */ = {isa = PBXBuildFile; fileRef = EDF265552DF9A9FC00898EBA /* Preview Assets.xcassets */; };
		EDF265602DF9A9FC00898EBA /* AppStatecraftTests.swift in Sources */ = {isa = PBXBuildFile; fileRef = EDF2655F2DF9A9FC00898EBA /* AppStatecraftTests.swift */; };
		EDF2656A2DF9A9FC00898EBA /* AppStatecraftUITests.swift in Sources */ = {isa = PBXBuildFile; fileRef = EDF265692DF9A9FC00898EBA /* AppStatecraftUITests.swift */; };
		EDF2656C2DF9A9FC00898EBA /* AppStatecraftUITestsLaunchTests.swift in Sources */ = {isa = PBXBuildFile; fileRef = EDF2656B2DF9A9FC00898EBA /* AppStatecraftUITestsLaunchTests.swift */; };
/* End PBXBuildFile section */

/* Begin PBXContainerItemProxy section */
		EDF2655C2DF9A9FC00898EBA /* PBXContainerItemProxy */ = {
			isa = PBXContainerItemProxy;
			containerPortal = EDF265432DF9A9F800898EBA /* Project object */;
			proxyType = 1;
			remoteGlobalIDString = EDF2654A2DF9A9F800898EBA;
			remoteInfo = AppStatecraft;
		};
		EDF265662DF9A9FC00898EBA /* PBXContainerItemProxy */ = {
			isa = PBXContainerItemProxy;
			containerPortal = EDF265432DF9A9F800898EBA /* Project object */;
			proxyType = 1;
			remoteGlobalIDString = EDF2654A2DF9A9F800898EBA;
			remoteInfo = AppStatecraft;
		};
/* End PBXContainerItemProxy section */

/* Begin PBXFileReference section */
		A417CC9C2DF9CB7800564508 /* FreeWritingViewModel.swift */ = {isa = PBXFileReference; lastKnownFileType = sourcecode.swift; path = FreeWritingViewModel.swift; sourceTree = "<group>"; };
		A47175902E018F9D00AC6B12 /* SessaoPingPong+CoreDataClass.swift */ = {isa = PBXFileReference; lastKnownFileType = sourcecode.swift; path = "SessaoPingPong+CoreDataClass.swift"; sourceTree = "<group>"; };
		A47175912E018F9D00AC6B12 /* SessaoPingPong+CoreDataProperties.swift */ = {isa = PBXFileReference; lastKnownFileType = sourcecode.swift; path = "SessaoPingPong+CoreDataProperties.swift"; sourceTree = "<group>"; };
		A47175922E018F9D00AC6B12 /* SessaoDesafioMult+CoreDataClass.swift */ = {isa = PBXFileReference; lastKnownFileType = sourcecode.swift; path = "SessaoDesafioMult+CoreDataClass.swift"; sourceTree = "<group>"; };
		A47175932E018F9D00AC6B12 /* SessaoDesafioMult+CoreDataProperties.swift */ = {isa = PBXFileReference; lastKnownFileType = sourcecode.swift; path = "SessaoDesafioMult+CoreDataProperties.swift"; sourceTree = "<group>"; };
		A47175942E018F9D00AC6B12 /* Sessao+CoreDataClass.swift */ = {isa = PBXFileReference; lastKnownFileType = sourcecode.swift; path = "Sessao+CoreDataClass.swift"; sourceTree = "<group>"; };
		A47175952E018F9D00AC6B12 /* Sessao+CoreDataProperties.swift */ = {isa = PBXFileReference; lastKnownFileType = sourcecode.swift; path = "Sessao+CoreDataProperties.swift"; sourceTree = "<group>"; };
		A47175962E018F9D00AC6B12 /* Registro+CoreDataClass.swift */ = {isa = PBXFileReference; lastKnownFileType = sourcecode.swift; path = "Registro+CoreDataClass.swift"; sourceTree = "<group>"; };
		A47175972E018F9D00AC6B12 /* Registro+CoreDataProperties.swift */ = {isa = PBXFileReference; lastKnownFileType = sourcecode.swift; path = "Registro+CoreDataProperties.swift"; sourceTree = "<group>"; };
		A47175982E018F9D00AC6B12 /* Projeto+CoreDataClass.swift */ = {isa = PBXFileReference; lastKnownFileType = sourcecode.swift; path = "Projeto+CoreDataClass.swift"; sourceTree = "<group>"; };
		A47175992E018F9D00AC6B12 /* Projeto+CoreDataProperties.swift */ = {isa = PBXFileReference; lastKnownFileType = sourcecode.swift; path = "Projeto+CoreDataProperties.swift"; sourceTree = "<group>"; };
		A471759A2E018F9D00AC6B12 /* SessaoFreeWriting+CoreDataClass.swift */ = {isa = PBXFileReference; lastKnownFileType = sourcecode.swift; path = "SessaoFreeWriting+CoreDataClass.swift"; sourceTree = "<group>"; };
		A471759B2E018F9D00AC6B12 /* SessaoFreeWriting+CoreDataProperties.swift */ = {isa = PBXFileReference; lastKnownFileType = sourcecode.swift; path = "SessaoFreeWriting+CoreDataProperties.swift"; sourceTree = "<group>"; };
		A471759C2E018F9D00AC6B12 /* SessaoMaieutica+CoreDataClass.swift */ = {isa = PBXFileReference; lastKnownFileType = sourcecode.swift; path = "SessaoMaieutica+CoreDataClass.swift"; sourceTree = "<group>"; };
		A471759D2E018F9D00AC6B12 /* SessaoMaieutica+CoreDataProperties.swift */ = {isa = PBXFileReference; lastKnownFileType = sourcecode.swift; path = "SessaoMaieutica+CoreDataProperties.swift"; sourceTree = "<group>"; };
		A47175B02E01A15C00AC6B12 /* DesafiosMultimidiaView.swift */ = {isa = PBXFileReference; lastKnownFileType = sourcecode.swift; path = DesafiosMultimidiaView.swift; sourceTree = "<group>"; };
		A47175B82E01A23A00AC6B12 /* ContainerEnunciadoView.swift */ = {isa = PBXFileReference; lastKnownFileType = sourcecode.swift; path = ContainerEnunciadoView.swift; sourceTree = "<group>"; };
		A4773CA42E01B0E4002D27D7 /* AppStatecraft.xcdatamodel */ = {isa = PBXFileReference; lastKnownFileType = wrapper.xcdatamodel; path = AppStatecraft.xcdatamodel; sourceTree = "<group>"; };
		A4773CA62E01B0F2002D27D7 /* DataController.swift */ = {isa = PBXFileReference; fileEncoding = 4; lastKnownFileType = sourcecode.swift; path = DataController.swift; sourceTree = "<group>"; };
		A4773CA82E01B204002D27D7 /* oi.swift */ = {isa = PBXFileReference; lastKnownFileType = sourcecode.swift; name = oi.swift; path = AppStatecraft/Core/Persistence/oi.swift; sourceTree = SOURCE_ROOT; };
		ED695A662E01B37C009C0BE0 /* TabBar.swift */ = {isa = PBXFileReference; lastKnownFileType = sourcecode.swift; path = TabBar.swift; sourceTree = "<group>"; };
		ED695A692E01B3DA009C0BE0 /* MetodologiasView.swift */ = {isa = PBXFileReference; lastKnownFileType = sourcecode.swift; path = MetodologiasView.swift; sourceTree = "<group>"; };
		ED82ED332DFC4C70006BE6D5 /* BancoQuestoes.json */ = {isa = PBXFileReference; lastKnownFileType = text.json; path = BancoQuestoes.json; sourceTree = "<group>"; };
		ED82ED3E2DFC6E05006BE6D5 /* DesafiosMultimidaViewModel.swift */ = {isa = PBXFileReference; lastKnownFileType = sourcecode.swift; path = DesafiosMultimidaViewModel.swift; sourceTree = "<group>"; };
		ED82ED422DFC6FC0006BE6D5 /* DesafiosUtilities.swift */ = {isa = PBXFileReference; lastKnownFileType = sourcecode.swift; path = DesafiosUtilities.swift; sourceTree = "<group>"; };
		ED82ED442DFC6FD2006BE6D5 /* QuestaoDesafios.swift */ = {isa = PBXFileReference; lastKnownFileType = sourcecode.swift; path = QuestaoDesafios.swift; sourceTree = "<group>"; };
		ED8481932E003F2D007E5709 /* viajante.jpg */ = {isa = PBXFileReference; lastKnownFileType = image.jpeg; path = viajante.jpg; sourceTree = "<group>"; };
		ED8481952E003F3A007E5709 /* moca_arte.jpg */ = {isa = PBXFileReference; lastKnownFileType = image.jpeg; path = moca_arte.jpg; sourceTree = "<group>"; };
		ED8481972E003F6B007E5709 /* homem.jpg */ = {isa = PBXFileReference; lastKnownFileType = image.jpeg; name = homem.jpg; path = Images/homem.jpg; sourceTree = "<group>"; };
		ED84819A2E004534007E5709 /* DesafioUtilities.swift */ = {isa = PBXFileReference; lastKnownFileType = sourcecode.swift; path = DesafioUtilities.swift; sourceTree = "<group>"; };
		ED84819C2E0047CC007E5709 /* Assets.xcassets */ = {isa = PBXFileReference; lastKnownFileType = folder.assetcatalog; path = Assets.xcassets; sourceTree = "<group>"; };
		EDF2654B2DF9A9F800898EBA /* AppStatecraft.app */ = {isa = PBXFileReference; explicitFileType = wrapper.application; includeInIndex = 0; path = AppStatecraft.app; sourceTree = BUILT_PRODUCTS_DIR; };
		EDF2654E2DF9A9F800898EBA /* AppStatecraftApp.swift */ = {isa = PBXFileReference; lastKnownFileType = sourcecode.swift; path = AppStatecraftApp.swift; sourceTree = "<group>"; };
		EDF265552DF9A9FC00898EBA /* Preview Assets.xcassets */ = {isa = PBXFileReference; lastKnownFileType = folder.assetcatalog; path = "Preview Assets.xcassets"; sourceTree = "<group>"; };
		EDF2655B2DF9A9FC00898EBA /* AppStatecraftTests.xctest */ = {isa = PBXFileReference; explicitFileType = wrapper.cfbundle; includeInIndex = 0; path = AppStatecraftTests.xctest; sourceTree = BUILT_PRODUCTS_DIR; };
		EDF2655F2DF9A9FC00898EBA /* AppStatecraftTests.swift */ = {isa = PBXFileReference; lastKnownFileType = sourcecode.swift; path = AppStatecraftTests.swift; sourceTree = "<group>"; };
		EDF265652DF9A9FC00898EBA /* AppStatecraftUITests.xctest */ = {isa = PBXFileReference; explicitFileType = wrapper.cfbundle; includeInIndex = 0; path = AppStatecraftUITests.xctest; sourceTree = BUILT_PRODUCTS_DIR; };
		EDF265692DF9A9FC00898EBA /* AppStatecraftUITests.swift */ = {isa = PBXFileReference; lastKnownFileType = sourcecode.swift; path = AppStatecraftUITests.swift; sourceTree = "<group>"; };
		EDF2656B2DF9A9FC00898EBA /* AppStatecraftUITestsLaunchTests.swift */ = {isa = PBXFileReference; lastKnownFileType = sourcecode.swift; path = AppStatecraftUITestsLaunchTests.swift; sourceTree = "<group>"; };
/* End PBXFileReference section */

/* Begin PBXFrameworksBuildPhase section */
		EDF265482DF9A9F800898EBA /* Frameworks */ = {
			isa = PBXFrameworksBuildPhase;
			buildActionMask = 2147483647;
			files = (
			);
			runOnlyForDeploymentPostprocessing = 0;
		};
		EDF265582DF9A9FC00898EBA /* Frameworks */ = {
			isa = PBXFrameworksBuildPhase;
			buildActionMask = 2147483647;
			files = (
			);
			runOnlyForDeploymentPostprocessing = 0;
		};
		EDF265622DF9A9FC00898EBA /* Frameworks */ = {
			isa = PBXFrameworksBuildPhase;
			buildActionMask = 2147483647;
			files = (
			);
			runOnlyForDeploymentPostprocessing = 0;
		};
/* End PBXFrameworksBuildPhase section */

/* Begin PBXGroup section */
		A417CC9A2DF9CAE400564508 /* Models */ = {
			isa = PBXGroup;
			children = (
				ED82ED442DFC6FD2006BE6D5 /* QuestaoDesafios.swift */,
			);
			path = Models;
			sourceTree = "<group>";
		};
		A417CC9B2DF9CAFA00564508 /* ViewModels */ = {
			isa = PBXGroup;
			children = (
				A417CC9C2DF9CB7800564508 /* FreeWritingViewModel.swift */,
				ED82ED3E2DFC6E05006BE6D5 /* DesafiosMultimidaViewModel.swift */,
			);
			path = ViewModels;
			sourceTree = "<group>";
		};
		A417CCA02DF9CB9100564508 /* Views */ = {
			isa = PBXGroup;
			children = (
				ED695A692E01B3DA009C0BE0 /* MetodologiasView.swift */,
				ED695A662E01B37C009C0BE0 /* TabBar.swift */,
				A47175B22E01A16C00AC6B12 /* DesafiosMultimidia */,
			);
			path = Views;
			sourceTree = "<group>";
		};
		A47175AC2E01925D00AC6B12 /* Properties */ = {
			isa = PBXGroup;
			children = (
				A47175912E018F9D00AC6B12 /* SessaoPingPong+CoreDataProperties.swift */,
				A47175932E018F9D00AC6B12 /* SessaoDesafioMult+CoreDataProperties.swift */,
				A47175972E018F9D00AC6B12 /* Registro+CoreDataProperties.swift */,
				A47175992E018F9D00AC6B12 /* Projeto+CoreDataProperties.swift */,
				A471759B2E018F9D00AC6B12 /* SessaoFreeWriting+CoreDataProperties.swift */,
				A471759D2E018F9D00AC6B12 /* SessaoMaieutica+CoreDataProperties.swift */,
				A47175952E018F9D00AC6B12 /* Sessao+CoreDataProperties.swift */,
			);
			path = Properties;
			sourceTree = "<group>";
		};
		A47175AD2E01929000AC6B12 /* Classes */ = {
			isa = PBXGroup;
			children = (
				A47175902E018F9D00AC6B12 /* SessaoPingPong+CoreDataClass.swift */,
				A47175982E018F9D00AC6B12 /* Projeto+CoreDataClass.swift */,
				A47175922E018F9D00AC6B12 /* SessaoDesafioMult+CoreDataClass.swift */,
				A471759A2E018F9D00AC6B12 /* SessaoFreeWriting+CoreDataClass.swift */,
				A47175942E018F9D00AC6B12 /* Sessao+CoreDataClass.swift */,
				A471759C2E018F9D00AC6B12 /* SessaoMaieutica+CoreDataClass.swift */,
				A47175962E018F9D00AC6B12 /* Registro+CoreDataClass.swift */,
			);
			path = Classes;
			sourceTree = "<group>";
		};
		A47175B22E01A16C00AC6B12 /* DesafiosMultimidia */ = {
			isa = PBXGroup;
			children = (
				A47175B02E01A15C00AC6B12 /* DesafiosMultimidiaView.swift */,
				A47175B82E01A23A00AC6B12 /* ContainerEnunciadoView.swift */,
			);
			path = DesafiosMultimidia;
			sourceTree = "<group>";
		};
		A4C37CDB2DFAFC3100DB3EE9 /* Resources */ = {
			isa = PBXGroup;
			children = (
				ED84819C2E0047CC007E5709 /* Assets.xcassets */,
				EDF265542DF9A9FC00898EBA /* Preview Content */,
			);
			path = Resources;
			sourceTree = "<group>";
		};
		A4C37CDC2DFAFC5700DB3EE9 /* Application */ = {
			isa = PBXGroup;
			children = (
				EDF2654E2DF9A9F800898EBA /* AppStatecraftApp.swift */,
			);
			path = Application;
			sourceTree = "<group>";
		};
		ED82ED2F2DFC4C2F006BE6D5 /* Core */ = {
			isa = PBXGroup;
			children = (
				ED82ED322DFC4C4C006BE6D5 /* Persistence */,
				ED82ED312DFC4C43006BE6D5 /* Network */,
				ED82ED302DFC4C38006BE6D5 /* Utilities */,
			);
			path = Core;
			sourceTree = "<group>";
		};
		ED82ED302DFC4C38006BE6D5 /* Utilities */ = {
			isa = PBXGroup;
			children = (
				ED84819A2E004534007E5709 /* DesafioUtilities.swift */,
			);
			path = Utilities;
			sourceTree = "<group>";
		};
		ED82ED312DFC4C43006BE6D5 /* Network */ = {
			isa = PBXGroup;
			children = (
				A4773CA82E01B204002D27D7 /* oi.swift */,
			);
			path = Network;
			sourceTree = "<group>";
		};
		ED82ED322DFC4C4C006BE6D5 /* Persistence */ = {
			isa = PBXGroup;
			children = (
				A4773CA62E01B0F2002D27D7 /* DataController.swift */,
				A4773CA32E01B0E4002D27D7 /* AppStatecraft.xcdatamodeld */,
				A47175AC2E01925D00AC6B12 /* Properties */,
				A47175AD2E01929000AC6B12 /* Classes */,
				ED82ED352DFC59F0006BE6D5 /* Images */,
				ED82ED332DFC4C70006BE6D5 /* BancoQuestoes.json */,
			);
			path = Persistence;
			sourceTree = "<group>";
		};
		ED82ED352DFC59F0006BE6D5 /* Images */ = {
			isa = PBXGroup;
			children = (
				ED8481952E003F3A007E5709 /* moca_arte.jpg */,
				ED8481972E003F6B007E5709 /* homem.jpg */,
				ED8481932E003F2D007E5709 /* viajante.jpg */,
			);
			name = Images;
			sourceTree = "<group>";
		};
		ED8481992E0044DF007E5709 /* Preview Content */ = {
			isa = PBXGroup;
			children = (
				ED82ED422DFC6FC0006BE6D5 /* DesafiosUtilities.swift */,
			);
			path = "Preview Content";
			sourceTree = "<group>";
		};
		EDF265422DF9A9F800898EBA = {
			isa = PBXGroup;
			children = (
				EDF2654D2DF9A9F800898EBA /* AppStatecraft */,
				EDF2655E2DF9A9FC00898EBA /* AppStatecraftTests */,
				EDF265682DF9A9FC00898EBA /* AppStatecraftUITests */,
				EDF2654C2DF9A9F800898EBA /* Products */,
			);
			sourceTree = "<group>";
		};
		EDF2654C2DF9A9F800898EBA /* Products */ = {
			isa = PBXGroup;
			children = (
				EDF2654B2DF9A9F800898EBA /* AppStatecraft.app */,
				EDF2655B2DF9A9FC00898EBA /* AppStatecraftTests.xctest */,
				EDF265652DF9A9FC00898EBA /* AppStatecraftUITests.xctest */,
			);
			name = Products;
			sourceTree = "<group>";
		};
		EDF2654D2DF9A9F800898EBA /* AppStatecraft */ = {
			isa = PBXGroup;
			children = (
				ED82ED2F2DFC4C2F006BE6D5 /* Core */,
				A4C37CDC2DFAFC5700DB3EE9 /* Application */,
				A417CCA02DF9CB9100564508 /* Views */,
				A417CC9B2DF9CAFA00564508 /* ViewModels */,
				A417CC9A2DF9CAE400564508 /* Models */,
				A4C37CDB2DFAFC3100DB3EE9 /* Resources */,
			);
			path = AppStatecraft;
			sourceTree = "<group>";
		};
		EDF265542DF9A9FC00898EBA /* Preview Content */ = {
			isa = PBXGroup;
			children = (
				EDF265552DF9A9FC00898EBA /* Preview Assets.xcassets */,
			);
			path = "Preview Content";
			sourceTree = "<group>";
		};
		EDF2655E2DF9A9FC00898EBA /* AppStatecraftTests */ = {
			isa = PBXGroup;
			children = (
				EDF2655F2DF9A9FC00898EBA /* AppStatecraftTests.swift */,
			);
			path = AppStatecraftTests;
			sourceTree = "<group>";
		};
		EDF265682DF9A9FC00898EBA /* AppStatecraftUITests */ = {
			isa = PBXGroup;
			children = (
				ED8481992E0044DF007E5709 /* Preview Content */,
				EDF265692DF9A9FC00898EBA /* AppStatecraftUITests.swift */,
				EDF2656B2DF9A9FC00898EBA /* AppStatecraftUITestsLaunchTests.swift */,
			);
			path = AppStatecraftUITests;
			sourceTree = "<group>";
		};
/* End PBXGroup section */

/* Begin PBXNativeTarget section */
		EDF2654A2DF9A9F800898EBA /* AppStatecraft */ = {
			isa = PBXNativeTarget;
			buildConfigurationList = EDF2656F2DF9A9FC00898EBA /* Build configuration list for PBXNativeTarget "AppStatecraft" */;
			buildPhases = (
				EDF265472DF9A9F800898EBA /* Sources */,
				EDF265482DF9A9F800898EBA /* Frameworks */,
				EDF265492DF9A9F800898EBA /* Resources */,
			);
			buildRules = (
			);
			dependencies = (
			);
			name = AppStatecraft;
			productName = AppStatecraft;
			productReference = EDF2654B2DF9A9F800898EBA /* AppStatecraft.app */;
			productType = "com.apple.product-type.application";
		};
		EDF2655A2DF9A9FC00898EBA /* AppStatecraftTests */ = {
			isa = PBXNativeTarget;
			buildConfigurationList = EDF265722DF9A9FC00898EBA /* Build configuration list for PBXNativeTarget "AppStatecraftTests" */;
			buildPhases = (
				EDF265572DF9A9FC00898EBA /* Sources */,
				EDF265582DF9A9FC00898EBA /* Frameworks */,
				EDF265592DF9A9FC00898EBA /* Resources */,
			);
			buildRules = (
			);
			dependencies = (
				EDF2655D2DF9A9FC00898EBA /* PBXTargetDependency */,
			);
			name = AppStatecraftTests;
			productName = AppStatecraftTests;
			productReference = EDF2655B2DF9A9FC00898EBA /* AppStatecraftTests.xctest */;
			productType = "com.apple.product-type.bundle.unit-test";
		};
		EDF265642DF9A9FC00898EBA /* AppStatecraftUITests */ = {
			isa = PBXNativeTarget;
			buildConfigurationList = EDF265752DF9A9FC00898EBA /* Build configuration list for PBXNativeTarget "AppStatecraftUITests" */;
			buildPhases = (
				EDF265612DF9A9FC00898EBA /* Sources */,
				EDF265622DF9A9FC00898EBA /* Frameworks */,
				EDF265632DF9A9FC00898EBA /* Resources */,
			);
			buildRules = (
			);
			dependencies = (
				EDF265672DF9A9FC00898EBA /* PBXTargetDependency */,
			);
			name = AppStatecraftUITests;
			productName = AppStatecraftUITests;
			productReference = EDF265652DF9A9FC00898EBA /* AppStatecraftUITests.xctest */;
			productType = "com.apple.product-type.bundle.ui-testing";
		};
/* End PBXNativeTarget section */

/* Begin PBXProject section */
		EDF265432DF9A9F800898EBA /* Project object */ = {
			isa = PBXProject;
			attributes = {
				BuildIndependentTargetsInParallel = 1;
				LastSwiftUpdateCheck = 1320;
				LastUpgradeCheck = 1320;
				TargetAttributes = {
					EDF2654A2DF9A9F800898EBA = {
						CreatedOnToolsVersion = 13.2;
					};
					EDF2655A2DF9A9FC00898EBA = {
						CreatedOnToolsVersion = 13.2;
						TestTargetID = EDF2654A2DF9A9F800898EBA;
					};
					EDF265642DF9A9FC00898EBA = {
						CreatedOnToolsVersion = 13.2;
						TestTargetID = EDF2654A2DF9A9F800898EBA;
					};
				};
			};
			buildConfigurationList = EDF265462DF9A9F800898EBA /* Build configuration list for PBXProject "AppStatecraft" */;
			compatibilityVersion = "Xcode 13.0";
			developmentRegion = en;
			hasScannedForEncodings = 0;
			knownRegions = (
				en,
				Base,
			);
			mainGroup = EDF265422DF9A9F800898EBA;
			productRefGroup = EDF2654C2DF9A9F800898EBA /* Products */;
			projectDirPath = "";
			projectRoot = "";
			targets = (
				EDF2654A2DF9A9F800898EBA /* AppStatecraft */,
				EDF2655A2DF9A9FC00898EBA /* AppStatecraftTests */,
				EDF265642DF9A9FC00898EBA /* AppStatecraftUITests */,
			);
		};
/* End PBXProject section */

/* Begin PBXResourcesBuildPhase section */
		EDF265492DF9A9F800898EBA /* Resources */ = {
			isa = PBXResourcesBuildPhase;
			buildActionMask = 2147483647;
			files = (
				EDF265532DF9A9FC00898EBA /* (null) in Resources */,
				EDF265562DF9A9FC00898EBA /* Preview Assets.xcassets in Resources */,
				ED8481942E003F2D007E5709 /* viajante.jpg in Resources */,
				ED8481962E003F3A007E5709 /* moca_arte.jpg in Resources */,
				ED84819D2E0047CC007E5709 /* Assets.xcassets in Resources */,
				ED8481982E003F6B007E5709 /* homem.jpg in Resources */,
				ED82ED342DFC4C70006BE6D5 /* BancoQuestoes.json in Resources */,
			);
			runOnlyForDeploymentPostprocessing = 0;
		};
		EDF265592DF9A9FC00898EBA /* Resources */ = {
			isa = PBXResourcesBuildPhase;
			buildActionMask = 2147483647;
			files = (
			);
			runOnlyForDeploymentPostprocessing = 0;
		};
		EDF265632DF9A9FC00898EBA /* Resources */ = {
			isa = PBXResourcesBuildPhase;
			buildActionMask = 2147483647;
			files = (
			);
			runOnlyForDeploymentPostprocessing = 0;
		};
/* End PBXResourcesBuildPhase section */

/* Begin PBXSourcesBuildPhase section */
		EDF265472DF9A9F800898EBA /* Sources */ = {
			isa = PBXSourcesBuildPhase;
			buildActionMask = 2147483647;
			files = (
				A47175A82E018F9D00AC6B12 /* SessaoFreeWriting+CoreDataClass.swift in Sources */,
				A471759F2E018F9D00AC6B12 /* SessaoPingPong+CoreDataProperties.swift in Sources */,
				A47175A12E018F9D00AC6B12 /* SessaoDesafioMult+CoreDataProperties.swift in Sources */,
				A4773CA72E01B0F2002D27D7 /* DataController.swift in Sources */,
				A47175A02E018F9D00AC6B12 /* SessaoDesafioMult+CoreDataClass.swift in Sources */,
				ED82ED3F2DFC6E05006BE6D5 /* DesafiosMultimidaViewModel.swift in Sources */,
				A47175A52E018F9D00AC6B12 /* Registro+CoreDataProperties.swift in Sources */,
				A47175A42E018F9D00AC6B12 /* Registro+CoreDataClass.swift in Sources */,
				A47175B12E01A15C00AC6B12 /* DesafiosMultimidiaView.swift in Sources */,
				A47175AA2E018F9D00AC6B12 /* SessaoMaieutica+CoreDataClass.swift in Sources */,
				A47175A72E018F9D00AC6B12 /* Projeto+CoreDataProperties.swift in Sources */,
				A417CC9D2DF9CB7800564508 /* FreeWritingViewModel.swift in Sources */,
				A471759E2E018F9D00AC6B12 /* SessaoPingPong+CoreDataClass.swift in Sources */,
				ED695A6A2E01B3DA009C0BE0 /* MetodologiasView.swift in Sources */,
				A4773CA52E01B0E4002D27D7 /* AppStatecraft.xcdatamodeld in Sources */,
				ED84819B2E004534007E5709 /* DesafioUtilities.swift in Sources */,
				ED82ED452DFC6FD2006BE6D5 /* QuestaoDesafios.swift in Sources */,
				ED82ED432DFC6FC0006BE6D5 /* DesafiosUtilities.swift in Sources */,
				EDF2654F2DF9A9F800898EBA /* AppStatecraftApp.swift in Sources */,
				A47175A62E018F9D00AC6B12 /* Projeto+CoreDataClass.swift in Sources */,
				A47175A32E018F9D00AC6B12 /* Sessao+CoreDataProperties.swift in Sources */,
				A47175A22E018F9D00AC6B12 /* Sessao+CoreDataClass.swift in Sources */,
				A47175A92E018F9D00AC6B12 /* SessaoFreeWriting+CoreDataProperties.swift in Sources */,
				A47175AB2E018F9D00AC6B12 /* SessaoMaieutica+CoreDataProperties.swift in Sources */,
				A47175B92E01A23A00AC6B12 /* ContainerEnunciadoView.swift in Sources */,
				ED695A672E01B37C009C0BE0 /* TabBar.swift in Sources */,
			);
			runOnlyForDeploymentPostprocessing = 0;
		};
		EDF265572DF9A9FC00898EBA /* Sources */ = {
			isa = PBXSourcesBuildPhase;
			buildActionMask = 2147483647;
			files = (
				EDF265602DF9A9FC00898EBA /* AppStatecraftTests.swift in Sources */,
			);
			runOnlyForDeploymentPostprocessing = 0;
		};
		EDF265612DF9A9FC00898EBA /* Sources */ = {
			isa = PBXSourcesBuildPhase;
			buildActionMask = 2147483647;
			files = (
				EDF2656A2DF9A9FC00898EBA /* AppStatecraftUITests.swift in Sources */,
				EDF2656C2DF9A9FC00898EBA /* AppStatecraftUITestsLaunchTests.swift in Sources */,
			);
			runOnlyForDeploymentPostprocessing = 0;
		};
/* End PBXSourcesBuildPhase section */

/* Begin PBXTargetDependency section */
		EDF2655D2DF9A9FC00898EBA /* PBXTargetDependency */ = {
			isa = PBXTargetDependency;
			target = EDF2654A2DF9A9F800898EBA /* AppStatecraft */;
			targetProxy = EDF2655C2DF9A9FC00898EBA /* PBXContainerItemProxy */;
		};
		EDF265672DF9A9FC00898EBA /* PBXTargetDependency */ = {
			isa = PBXTargetDependency;
			target = EDF2654A2DF9A9F800898EBA /* AppStatecraft */;
			targetProxy = EDF265662DF9A9FC00898EBA /* PBXContainerItemProxy */;
		};
/* End PBXTargetDependency section */

/* Begin XCBuildConfiguration section */
		EDF2656D2DF9A9FC00898EBA /* Debug */ = {
			isa = XCBuildConfiguration;
			buildSettings = {
				ALWAYS_SEARCH_USER_PATHS = NO;
				CLANG_ANALYZER_NONNULL = YES;
				CLANG_ANALYZER_NUMBER_OBJECT_CONVERSION = YES_AGGRESSIVE;
				CLANG_CXX_LANGUAGE_STANDARD = "gnu++17";
				CLANG_CXX_LIBRARY = "libc++";
				CLANG_ENABLE_MODULES = YES;
				CLANG_ENABLE_OBJC_ARC = YES;
				CLANG_ENABLE_OBJC_WEAK = YES;
				CLANG_WARN_BLOCK_CAPTURE_AUTORELEASING = YES;
				CLANG_WARN_BOOL_CONVERSION = YES;
				CLANG_WARN_COMMA = YES;
				CLANG_WARN_CONSTANT_CONVERSION = YES;
				CLANG_WARN_DEPRECATED_OBJC_IMPLEMENTATIONS = YES;
				CLANG_WARN_DIRECT_OBJC_ISA_USAGE = YES_ERROR;
				CLANG_WARN_DOCUMENTATION_COMMENTS = YES;
				CLANG_WARN_EMPTY_BODY = YES;
				CLANG_WARN_ENUM_CONVERSION = YES;
				CLANG_WARN_INFINITE_RECURSION = YES;
				CLANG_WARN_INT_CONVERSION = YES;
				CLANG_WARN_NON_LITERAL_NULL_CONVERSION = YES;
				CLANG_WARN_OBJC_IMPLICIT_RETAIN_SELF = YES;
				CLANG_WARN_OBJC_LITERAL_CONVERSION = YES;
				CLANG_WARN_OBJC_ROOT_CLASS = YES_ERROR;
				CLANG_WARN_QUOTED_INCLUDE_IN_FRAMEWORK_HEADER = YES;
				CLANG_WARN_RANGE_LOOP_ANALYSIS = YES;
				CLANG_WARN_STRICT_PROTOTYPES = YES;
				CLANG_WARN_SUSPICIOUS_MOVE = YES;
				CLANG_WARN_UNGUARDED_AVAILABILITY = YES_AGGRESSIVE;
				CLANG_WARN_UNREACHABLE_CODE = YES;
				CLANG_WARN__DUPLICATE_METHOD_MATCH = YES;
				COPY_PHASE_STRIP = NO;
				DEBUG_INFORMATION_FORMAT = dwarf;
				ENABLE_STRICT_OBJC_MSGSEND = YES;
				ENABLE_TESTABILITY = YES;
				GCC_C_LANGUAGE_STANDARD = gnu11;
				GCC_DYNAMIC_NO_PIC = NO;
				GCC_NO_COMMON_BLOCKS = YES;
				GCC_OPTIMIZATION_LEVEL = 0;
				GCC_PREPROCESSOR_DEFINITIONS = (
					"DEBUG=1",
					"$(inherited)",
				);
				GCC_WARN_64_TO_32_BIT_CONVERSION = YES;
				GCC_WARN_ABOUT_RETURN_TYPE = YES_ERROR;
				GCC_WARN_UNDECLARED_SELECTOR = YES;
				GCC_WARN_UNINITIALIZED_AUTOS = YES_AGGRESSIVE;
				GCC_WARN_UNUSED_FUNCTION = YES;
				GCC_WARN_UNUSED_VARIABLE = YES;
				IPHONEOS_DEPLOYMENT_TARGET = 15.2;
				MTL_ENABLE_DEBUG_INFO = INCLUDE_SOURCE;
				MTL_FAST_MATH = YES;
				ONLY_ACTIVE_ARCH = YES;
				SDKROOT = iphoneos;
				SWIFT_ACTIVE_COMPILATION_CONDITIONS = DEBUG;
				SWIFT_OPTIMIZATION_LEVEL = "-Onone";
			};
			name = Debug;
		};
		EDF2656E2DF9A9FC00898EBA /* Release */ = {
			isa = XCBuildConfiguration;
			buildSettings = {
				ALWAYS_SEARCH_USER_PATHS = NO;
				CLANG_ANALYZER_NONNULL = YES;
				CLANG_ANALYZER_NUMBER_OBJECT_CONVERSION = YES_AGGRESSIVE;
				CLANG_CXX_LANGUAGE_STANDARD = "gnu++17";
				CLANG_CXX_LIBRARY = "libc++";
				CLANG_ENABLE_MODULES = YES;
				CLANG_ENABLE_OBJC_ARC = YES;
				CLANG_ENABLE_OBJC_WEAK = YES;
				CLANG_WARN_BLOCK_CAPTURE_AUTORELEASING = YES;
				CLANG_WARN_BOOL_CONVERSION = YES;
				CLANG_WARN_COMMA = YES;
				CLANG_WARN_CONSTANT_CONVERSION = YES;
				CLANG_WARN_DEPRECATED_OBJC_IMPLEMENTATIONS = YES;
				CLANG_WARN_DIRECT_OBJC_ISA_USAGE = YES_ERROR;
				CLANG_WARN_DOCUMENTATION_COMMENTS = YES;
				CLANG_WARN_EMPTY_BODY = YES;
				CLANG_WARN_ENUM_CONVERSION = YES;
				CLANG_WARN_INFINITE_RECURSION = YES;
				CLANG_WARN_INT_CONVERSION = YES;
				CLANG_WARN_NON_LITERAL_NULL_CONVERSION = YES;
				CLANG_WARN_OBJC_IMPLICIT_RETAIN_SELF = YES;
				CLANG_WARN_OBJC_LITERAL_CONVERSION = YES;
				CLANG_WARN_OBJC_ROOT_CLASS = YES_ERROR;
				CLANG_WARN_QUOTED_INCLUDE_IN_FRAMEWORK_HEADER = YES;
				CLANG_WARN_RANGE_LOOP_ANALYSIS = YES;
				CLANG_WARN_STRICT_PROTOTYPES = YES;
				CLANG_WARN_SUSPICIOUS_MOVE = YES;
				CLANG_WARN_UNGUARDED_AVAILABILITY = YES_AGGRESSIVE;
				CLANG_WARN_UNREACHABLE_CODE = YES;
				CLANG_WARN__DUPLICATE_METHOD_MATCH = YES;
				COPY_PHASE_STRIP = NO;
				DEBUG_INFORMATION_FORMAT = "dwarf-with-dsym";
				ENABLE_NS_ASSERTIONS = NO;
				ENABLE_STRICT_OBJC_MSGSEND = YES;
				GCC_C_LANGUAGE_STANDARD = gnu11;
				GCC_NO_COMMON_BLOCKS = YES;
				GCC_WARN_64_TO_32_BIT_CONVERSION = YES;
				GCC_WARN_ABOUT_RETURN_TYPE = YES_ERROR;
				GCC_WARN_UNDECLARED_SELECTOR = YES;
				GCC_WARN_UNINITIALIZED_AUTOS = YES_AGGRESSIVE;
				GCC_WARN_UNUSED_FUNCTION = YES;
				GCC_WARN_UNUSED_VARIABLE = YES;
				IPHONEOS_DEPLOYMENT_TARGET = 15.2;
				MTL_ENABLE_DEBUG_INFO = NO;
				MTL_FAST_MATH = YES;
				SDKROOT = iphoneos;
				SWIFT_COMPILATION_MODE = wholemodule;
				SWIFT_OPTIMIZATION_LEVEL = "-O";
				VALIDATE_PRODUCT = YES;
			};
			name = Release;
		};
		EDF265702DF9A9FC00898EBA /* Debug */ = {
			isa = XCBuildConfiguration;
			buildSettings = {
				ASSETCATALOG_COMPILER_APPICON_NAME = AppIcon;
				ASSETCATALOG_COMPILER_GLOBAL_ACCENT_COLOR_NAME = AccentColor;
				CODE_SIGN_STYLE = Automatic;
				CURRENT_PROJECT_VERSION = 1;
				DEVELOPMENT_ASSET_PATHS = "\"AppStatecraft/Resources/Preview Content\"";
				ENABLE_PREVIEWS = YES;
				GENERATE_INFOPLIST_FILE = YES;
				INFOPLIST_KEY_UIApplicationSceneManifest_Generation = YES;
				INFOPLIST_KEY_UIApplicationSupportsIndirectInputEvents = YES;
				INFOPLIST_KEY_UILaunchScreen_Generation = YES;
				INFOPLIST_KEY_UISupportedInterfaceOrientations_iPad = "UIInterfaceOrientationPortrait UIInterfaceOrientationPortraitUpsideDown UIInterfaceOrientationLandscapeLeft UIInterfaceOrientationLandscapeRight";
				INFOPLIST_KEY_UISupportedInterfaceOrientations_iPhone = "UIInterfaceOrientationPortrait UIInterfaceOrientationLandscapeLeft UIInterfaceOrientationLandscapeRight";
				LD_RUNPATH_SEARCH_PATHS = (
					"$(inherited)",
					"@executable_path/Frameworks",
				);
				MARKETING_VERSION = 1.0;
				PRODUCT_BUNDLE_IDENTIFIER = triviaSwift.AppStatecraft;
				PRODUCT_NAME = "$(TARGET_NAME)";
				SWIFT_EMIT_LOC_STRINGS = YES;
				SWIFT_VERSION = 5.0;
				TARGETED_DEVICE_FAMILY = "1,2";
			};
			name = Debug;
		};
		EDF265712DF9A9FC00898EBA /* Release */ = {
			isa = XCBuildConfiguration;
			buildSettings = {
				ASSETCATALOG_COMPILER_APPICON_NAME = AppIcon;
				ASSETCATALOG_COMPILER_GLOBAL_ACCENT_COLOR_NAME = AccentColor;
				CODE_SIGN_STYLE = Automatic;
				CURRENT_PROJECT_VERSION = 1;
				DEVELOPMENT_ASSET_PATHS = "";
				ENABLE_PREVIEWS = YES;
				GENERATE_INFOPLIST_FILE = YES;
				INFOPLIST_KEY_UIApplicationSceneManifest_Generation = YES;
				INFOPLIST_KEY_UIApplicationSupportsIndirectInputEvents = YES;
				INFOPLIST_KEY_UILaunchScreen_Generation = YES;
				INFOPLIST_KEY_UISupportedInterfaceOrientations_iPad = "UIInterfaceOrientationPortrait UIInterfaceOrientationPortraitUpsideDown UIInterfaceOrientationLandscapeLeft UIInterfaceOrientationLandscapeRight";
				INFOPLIST_KEY_UISupportedInterfaceOrientations_iPhone = "UIInterfaceOrientationPortrait UIInterfaceOrientationLandscapeLeft UIInterfaceOrientationLandscapeRight";
				LD_RUNPATH_SEARCH_PATHS = (
					"$(inherited)",
					"@executable_path/Frameworks",
				);
				MARKETING_VERSION = 1.0;
				PRODUCT_BUNDLE_IDENTIFIER = triviaSwift.AppStatecraft;
				PRODUCT_NAME = "$(TARGET_NAME)";
				SWIFT_EMIT_LOC_STRINGS = YES;
				SWIFT_VERSION = 5.0;
				TARGETED_DEVICE_FAMILY = "1,2";
			};
			name = Release;
		};
		EDF265732DF9A9FC00898EBA /* Debug */ = {
			isa = XCBuildConfiguration;
			buildSettings = {
				ALWAYS_EMBED_SWIFT_STANDARD_LIBRARIES = YES;
				BUNDLE_LOADER = "$(TEST_HOST)";
				CODE_SIGN_STYLE = Automatic;
				CURRENT_PROJECT_VERSION = 1;
				GENERATE_INFOPLIST_FILE = YES;
				IPHONEOS_DEPLOYMENT_TARGET = 15.2;
				MARKETING_VERSION = 1.0;
				PRODUCT_BUNDLE_IDENTIFIER = triviaSwift.AppStatecraftTests;
				PRODUCT_NAME = "$(TARGET_NAME)";
				SWIFT_EMIT_LOC_STRINGS = NO;
				SWIFT_VERSION = 5.0;
				TARGETED_DEVICE_FAMILY = "1,2";
				TEST_HOST = "$(BUILT_PRODUCTS_DIR)/AppStatecraft.app/AppStatecraft";
			};
			name = Debug;
		};
		EDF265742DF9A9FC00898EBA /* Release */ = {
			isa = XCBuildConfiguration;
			buildSettings = {
				ALWAYS_EMBED_SWIFT_STANDARD_LIBRARIES = YES;
				BUNDLE_LOADER = "$(TEST_HOST)";
				CODE_SIGN_STYLE = Automatic;
				CURRENT_PROJECT_VERSION = 1;
				GENERATE_INFOPLIST_FILE = YES;
				IPHONEOS_DEPLOYMENT_TARGET = 15.2;
				MARKETING_VERSION = 1.0;
				PRODUCT_BUNDLE_IDENTIFIER = triviaSwift.AppStatecraftTests;
				PRODUCT_NAME = "$(TARGET_NAME)";
				SWIFT_EMIT_LOC_STRINGS = NO;
				SWIFT_VERSION = 5.0;
				TARGETED_DEVICE_FAMILY = "1,2";
				TEST_HOST = "$(BUILT_PRODUCTS_DIR)/AppStatecraft.app/AppStatecraft";
			};
			name = Release;
		};
		EDF265762DF9A9FC00898EBA /* Debug */ = {
			isa = XCBuildConfiguration;
			buildSettings = {
				ALWAYS_EMBED_SWIFT_STANDARD_LIBRARIES = YES;
				CODE_SIGN_STYLE = Automatic;
				CURRENT_PROJECT_VERSION = 1;
				GENERATE_INFOPLIST_FILE = YES;
				MARKETING_VERSION = 1.0;
				PRODUCT_BUNDLE_IDENTIFIER = triviaSwift.AppStatecraftUITests;
				PRODUCT_NAME = "$(TARGET_NAME)";
				SWIFT_EMIT_LOC_STRINGS = NO;
				SWIFT_VERSION = 5.0;
				TARGETED_DEVICE_FAMILY = "1,2";
				TEST_TARGET_NAME = AppStatecraft;
			};
			name = Debug;
		};
		EDF265772DF9A9FC00898EBA /* Release */ = {
			isa = XCBuildConfiguration;
			buildSettings = {
				ALWAYS_EMBED_SWIFT_STANDARD_LIBRARIES = YES;
				CODE_SIGN_STYLE = Automatic;
				CURRENT_PROJECT_VERSION = 1;
				GENERATE_INFOPLIST_FILE = YES;
				MARKETING_VERSION = 1.0;
				PRODUCT_BUNDLE_IDENTIFIER = triviaSwift.AppStatecraftUITests;
				PRODUCT_NAME = "$(TARGET_NAME)";
				SWIFT_EMIT_LOC_STRINGS = NO;
				SWIFT_VERSION = 5.0;
				TARGETED_DEVICE_FAMILY = "1,2";
				TEST_TARGET_NAME = AppStatecraft;
			};
			name = Release;
		};
/* End XCBuildConfiguration section */

/* Begin XCConfigurationList section */
		EDF265462DF9A9F800898EBA /* Build configuration list for PBXProject "AppStatecraft" */ = {
			isa = XCConfigurationList;
			buildConfigurations = (
				EDF2656D2DF9A9FC00898EBA /* Debug */,
				EDF2656E2DF9A9FC00898EBA /* Release */,
			);
			defaultConfigurationIsVisible = 0;
			defaultConfigurationName = Release;
		};
		EDF2656F2DF9A9FC00898EBA /* Build configuration list for PBXNativeTarget "AppStatecraft" */ = {
			isa = XCConfigurationList;
			buildConfigurations = (
				EDF265702DF9A9FC00898EBA /* Debug */,
				EDF265712DF9A9FC00898EBA /* Release */,
			);
			defaultConfigurationIsVisible = 0;
			defaultConfigurationName = Release;
		};
		EDF265722DF9A9FC00898EBA /* Build configuration list for PBXNativeTarget "AppStatecraftTests" */ = {
			isa = XCConfigurationList;
			buildConfigurations = (
				EDF265732DF9A9FC00898EBA /* Debug */,
				EDF265742DF9A9FC00898EBA /* Release */,
			);
			defaultConfigurationIsVisible = 0;
			defaultConfigurationName = Release;
		};
		EDF265752DF9A9FC00898EBA /* Build configuration list for PBXNativeTarget "AppStatecraftUITests" */ = {
			isa = XCConfigurationList;
			buildConfigurations = (
				EDF265762DF9A9FC00898EBA /* Debug */,
				EDF265772DF9A9FC00898EBA /* Release */,
			);
			defaultConfigurationIsVisible = 0;
			defaultConfigurationName = Release;
		};
/* End XCConfigurationList section */

/* Begin XCVersionGroup section */
		A4773CA32E01B0E4002D27D7 /* AppStatecraft.xcdatamodeld */ = {
			isa = XCVersionGroup;
			children = (
				A4773CA42E01B0E4002D27D7 /* AppStatecraft.xcdatamodel */,
			);
			currentVersion = A4773CA42E01B0E4002D27D7 /* AppStatecraft.xcdatamodel */;
			path = AppStatecraft.xcdatamodeld;
			sourceTree = "<group>";
			versionGroupType = wrapper.xcdatamodel;
		};
/* End XCVersionGroup section */
	};
	rootObject = EDF265432DF9A9F800898EBA /* Project object */;
}
